{
  "version": 4,
  "terraform_version": "1.7.1",
  "serial": 164,
  "lineage": "e2c60576-5e6a-912f-2c26-96cee510bd36",
  "outputs": {
    "eip_id": {
      "value": "eipalloc-068f5a35c04b65456",
      "type": "string"
    },
    "igw_id": {
      "value": "igw-0813d52bbb3f6b98d",
      "type": "string"
    },
    "nat_id": {
      "value": "nat-0299bfdd310197382",
      "type": "string"
    },
    "pri_subnets": {
      "value": [
        "subnet-022aeae1397ab3fc6",
        "subnet-046f701432618e8d4"
      ],
      "type": [
        "tuple",
        [
          "string",
          "string"
        ]
      ]
    },
    "pub_subnets": {
      "value": [
        "subnet-05c08086cc5a2f58f",
        "subnet-05d0621b72eb6456b"
      ],
      "type": [
        "tuple",
        [
          "string",
          "string"
        ]
      ]
    },
    "vpc_id": {
      "value": "vpc-05ffce4524d551961",
      "type": "string"
    }
  },
  "resources": [
    {
      "module": "module.ami_image",
      "mode": "data",
      "type": "aws_ami",
      "name": "images",
      "provider": "provider[\"registry.terraform.io/hashicorp/aws\"]",
      "instances": [
        {
          "schema_version": 0,
          "attributes": {
            "architecture": "x86_64",
            "arn": "arn:aws:ec2:ap-northeast-1::image/ami-01073d8de60cb1dfa",
            "block_device_mappings": [
              {
                "device_name": "/dev/sda1",
                "ebs": {
                  "delete_on_termination": "true",
                  "encrypted": "false",
                  "iops": "0",
                  "snapshot_id": "snap-025cabfbc0a515e3a",
                  "throughput": "0",
                  "volume_size": "8",
                  "volume_type": "gp2"
                },
                "no_device": "",
                "virtual_name": ""
              },
              {
                "device_name": "/dev/sdb",
                "ebs": {},
                "no_device": "",
                "virtual_name": "ephemeral0"
              },
              {
                "device_name": "/dev/sdc",
                "ebs": {},
                "no_device": "",
                "virtual_name": "ephemeral1"
              }
            ],
            "boot_mode": "legacy-bios",
            "creation_date": "2024-01-26T22:10:23.000Z",
            "deprecation_time": "2026-01-26T22:10:23.000Z",
            "description": "Canonical, Ubuntu, 20.04 LTS, amd64 focal image build on 2024-01-26",
            "ena_support": true,
            "executable_users": null,
            "filter": [
              {
                "name": "name",
                "values": [
                  "ubuntu/images/hvm-ssd/ubuntu-focal-20.04-amd64-server-*"
                ]
              },
              {
                "name": "virtualization-type",
                "values": [
                  "hvm"
                ]
              }
            ],
            "hypervisor": "xen",
            "id": "ami-01073d8de60cb1dfa",
            "image_id": "ami-01073d8de60cb1dfa",
            "image_location": "amazon/ubuntu/images/hvm-ssd/ubuntu-focal-20.04-amd64-server-20240126",
            "image_owner_alias": "amazon",
            "image_type": "machine",
            "imds_support": "",
            "include_deprecated": false,
            "kernel_id": "",
            "most_recent": true,
            "name": "ubuntu/images/hvm-ssd/ubuntu-focal-20.04-amd64-server-20240126",
            "name_regex": null,
            "owner_id": "099720109477",
            "owners": [
              "099720109477"
            ],
            "platform": "",
            "platform_details": "Linux/UNIX",
            "product_codes": [],
            "public": true,
            "ramdisk_id": "",
            "root_device_name": "/dev/sda1",
            "root_device_type": "ebs",
            "root_snapshot_id": "snap-025cabfbc0a515e3a",
            "sriov_net_support": "simple",
            "state": "available",
            "state_reason": {
              "code": "UNSET",
              "message": "UNSET"
            },
            "tags": {},
            "timeouts": null,
            "tpm_support": "",
            "usage_operation": "RunInstances",
            "virtualization_type": "hvm"
          },
          "sensitive_attributes": []
        }
      ]
    },
    {
      "module": "module.igw",
      "mode": "managed",
      "type": "aws_internet_gateway",
      "name": "myigw",
      "provider": "provider[\"registry.terraform.io/hashicorp/aws\"]",
      "instances": [
        {
          "schema_version": 0,
          "attributes": {
            "arn": "arn:aws:ec2:ap-northeast-1:378331682224:internet-gateway/igw-0813d52bbb3f6b98d",
            "id": "igw-0813d52bbb3f6b98d",
            "owner_id": "378331682224",
            "tags": {
              "Name": "tf-igw"
            },
            "tags_all": {
              "Name": "tf-igw"
            },
            "timeouts": null,
            "vpc_id": "vpc-05ffce4524d551961"
          },
          "sensitive_attributes": [],
          "private": "eyJlMmJmYjczMC1lY2FhLTExZTYtOGY4OC0zNDM2M2JjN2M0YzAiOnsiY3JlYXRlIjoxMjAwMDAwMDAwMDAwLCJkZWxldGUiOjEyMDAwMDAwMDAwMDAsInVwZGF0ZSI6MTIwMDAwMDAwMDAwMH19",
          "dependencies": [
            "module.vpc.aws_vpc.myvpc"
          ]
        }
      ]
    },
    {
      "module": "module.instance_launch",
      "mode": "managed",
      "type": "aws_instance",
      "name": "private_instance",
      "provider": "provider[\"registry.terraform.io/hashicorp/aws\"]",
      "instances": [
        {
          "index_key": 0,
          "schema_version": 1,
          "attributes": {
            "ami": "ami-01073d8de60cb1dfa",
            "arn": "arn:aws:ec2:ap-northeast-1:378331682224:instance/i-007bd113203365e2b",
            "associate_public_ip_address": false,
            "availability_zone": "ap-northeast-1a",
            "capacity_reservation_specification": [
              {
                "capacity_reservation_preference": "open",
                "capacity_reservation_target": []
              }
            ],
            "cpu_core_count": 1,
            "cpu_options": [
              {
                "amd_sev_snp": "",
                "core_count": 1,
                "threads_per_core": 1
              }
            ],
            "cpu_threads_per_core": 1,
            "credit_specification": [
              {
                "cpu_credits": "standard"
              }
            ],
            "disable_api_stop": false,
            "disable_api_termination": false,
            "ebs_block_device": [],
            "ebs_optimized": false,
            "enclave_options": [
              {
                "enabled": false
              }
            ],
            "ephemeral_block_device": [],
            "get_password_data": false,
            "hibernation": false,
            "host_id": "",
            "host_resource_group_arn": null,
            "iam_instance_profile": "",
            "id": "i-007bd113203365e2b",
            "instance_initiated_shutdown_behavior": "stop",
            "instance_lifecycle": "",
            "instance_market_options": [],
            "instance_state": "running",
            "instance_type": "t2.micro",
            "ipv6_address_count": 0,
            "ipv6_addresses": [],
            "key_name": "tokyo_key",
            "launch_template": [],
            "maintenance_options": [
              {
                "auto_recovery": "default"
              }
            ],
            "metadata_options": [
              {
                "http_endpoint": "enabled",
                "http_protocol_ipv6": "disabled",
                "http_put_response_hop_limit": 1,
                "http_tokens": "optional",
                "instance_metadata_tags": "disabled"
              }
            ],
            "monitoring": false,
            "network_interface": [],
            "outpost_arn": "",
            "password_data": "",
            "placement_group": "",
            "placement_partition_number": 0,
            "primary_network_interface_id": "eni-0171536e0f4c2e0bf",
            "private_dns": "ip-10-0-23-248.ap-northeast-1.compute.internal",
            "private_dns_name_options": [
              {
                "enable_resource_name_dns_a_record": false,
                "enable_resource_name_dns_aaaa_record": false,
                "hostname_type": "ip-name"
              }
            ],
            "private_ip": "10.0.23.248",
            "public_dns": "",
            "public_ip": "",
            "root_block_device": [
              {
                "delete_on_termination": true,
                "device_name": "/dev/sda1",
                "encrypted": false,
                "iops": 100,
                "kms_key_id": "",
                "tags": {},
                "throughput": 0,
                "volume_id": "vol-09f473c16ef36215b",
                "volume_size": 8,
                "volume_type": "gp2"
              }
            ],
            "secondary_private_ips": [],
            "security_groups": [
              "sg-0806445e7941dd8f7"
            ],
            "source_dest_check": true,
            "spot_instance_request_id": "",
            "subnet_id": "subnet-022aeae1397ab3fc6",
            "tags": {
              "Name": "tf-private-1",
              "count": "2"
            },
            "tags_all": {
              "Name": "tf-private-1",
              "count": "2"
            },
            "tenancy": "default",
            "timeouts": null,
            "user_data": null,
            "user_data_base64": null,
            "user_data_replace_on_change": false,
            "volume_tags": null,
            "vpc_security_group_ids": [
              "sg-0806445e7941dd8f7"
            ]
          },
          "sensitive_attributes": [],
          "private": "eyJlMmJmYjczMC1lY2FhLTExZTYtOGY4OC0zNDM2M2JjN2M0YzAiOnsiY3JlYXRlIjo2MDAwMDAwMDAwMDAsImRlbGV0ZSI6MTIwMDAwMDAwMDAwMCwidXBkYXRlIjo2MDAwMDAwMDAwMDB9LCJzY2hlbWFfdmVyc2lvbiI6IjEifQ==",
          "dependencies": [
            "module.ami_image.data.aws_ami.images",
            "module.sec_groups.aws_security_group.my_security_group",
            "module.subnet.aws_subnet.private_subnets",
            "module.vpc.aws_vpc.myvpc"
          ]
        },
        {
          "index_key": 1,
          "schema_version": 1,
          "attributes": {
            "ami": "ami-01073d8de60cb1dfa",
            "arn": "arn:aws:ec2:ap-northeast-1:378331682224:instance/i-0f8665c92df06a586",
            "associate_public_ip_address": false,
            "availability_zone": "ap-northeast-1c",
            "capacity_reservation_specification": [
              {
                "capacity_reservation_preference": "open",
                "capacity_reservation_target": []
              }
            ],
            "cpu_core_count": 1,
            "cpu_options": [
              {
                "amd_sev_snp": "",
                "core_count": 1,
                "threads_per_core": 1
              }
            ],
            "cpu_threads_per_core": 1,
            "credit_specification": [
              {
                "cpu_credits": "standard"
              }
            ],
            "disable_api_stop": false,
            "disable_api_termination": false,
            "ebs_block_device": [],
            "ebs_optimized": false,
            "enclave_options": [
              {
                "enabled": false
              }
            ],
            "ephemeral_block_device": [],
            "get_password_data": false,
            "hibernation": false,
            "host_id": "",
            "host_resource_group_arn": null,
            "iam_instance_profile": "",
            "id": "i-0f8665c92df06a586",
            "instance_initiated_shutdown_behavior": "stop",
            "instance_lifecycle": "",
            "instance_market_options": [],
            "instance_state": "running",
            "instance_type": "t2.micro",
            "ipv6_address_count": 0,
            "ipv6_addresses": [],
            "key_name": "tokyo_key",
            "launch_template": [],
            "maintenance_options": [
              {
                "auto_recovery": "default"
              }
            ],
            "metadata_options": [
              {
                "http_endpoint": "enabled",
                "http_protocol_ipv6": "disabled",
                "http_put_response_hop_limit": 1,
                "http_tokens": "optional",
                "instance_metadata_tags": "disabled"
              }
            ],
            "monitoring": false,
            "network_interface": [],
            "outpost_arn": "",
            "password_data": "",
            "placement_group": "",
            "placement_partition_number": 0,
            "primary_network_interface_id": "eni-0204e9bcc9b3ec190",
            "private_dns": "ip-10-0-76-110.ap-northeast-1.compute.internal",
            "private_dns_name_options": [
              {
                "enable_resource_name_dns_a_record": false,
                "enable_resource_name_dns_aaaa_record": false,
                "hostname_type": "ip-name"
              }
            ],
            "private_ip": "10.0.76.110",
            "public_dns": "",
            "public_ip": "",
            "root_block_device": [
              {
                "delete_on_termination": true,
                "device_name": "/dev/sda1",
                "encrypted": false,
                "iops": 100,
                "kms_key_id": "",
                "tags": {},
                "throughput": 0,
                "volume_id": "vol-09feeffd5881c4f98",
                "volume_size": 8,
                "volume_type": "gp2"
              }
            ],
            "secondary_private_ips": [],
            "security_groups": [
              "sg-0806445e7941dd8f7"
            ],
            "source_dest_check": true,
            "spot_instance_request_id": "",
            "subnet_id": "subnet-046f701432618e8d4",
            "tags": {
              "Name": "tf-private-2",
              "count": "2"
            },
            "tags_all": {
              "Name": "tf-private-2",
              "count": "2"
            },
            "tenancy": "default",
            "timeouts": null,
            "user_data": null,
            "user_data_base64": null,
            "user_data_replace_on_change": false,
            "volume_tags": null,
            "vpc_security_group_ids": [
              "sg-0806445e7941dd8f7"
            ]
          },
          "sensitive_attributes": [],
          "private": "eyJlMmJmYjczMC1lY2FhLTExZTYtOGY4OC0zNDM2M2JjN2M0YzAiOnsiY3JlYXRlIjo2MDAwMDAwMDAwMDAsImRlbGV0ZSI6MTIwMDAwMDAwMDAwMCwidXBkYXRlIjo2MDAwMDAwMDAwMDB9LCJzY2hlbWFfdmVyc2lvbiI6IjEifQ==",
          "dependencies": [
            "module.ami_image.data.aws_ami.images",
            "module.sec_groups.aws_security_group.my_security_group",
            "module.subnet.aws_subnet.private_subnets",
            "module.vpc.aws_vpc.myvpc"
          ]
        }
      ]
    },
    {
      "module": "module.instance_launch",
      "mode": "managed",
      "type": "aws_instance",
      "name": "public_instance",
      "provider": "provider[\"registry.terraform.io/hashicorp/aws\"]",
      "instances": [
        {
          "index_key": 0,
          "schema_version": 1,
          "attributes": {
            "ami": "ami-01073d8de60cb1dfa",
            "arn": "arn:aws:ec2:ap-northeast-1:378331682224:instance/i-04973d0b4eba75c68",
            "associate_public_ip_address": true,
            "availability_zone": "ap-northeast-1a",
            "capacity_reservation_specification": [
              {
                "capacity_reservation_preference": "open",
                "capacity_reservation_target": []
              }
            ],
            "cpu_core_count": 1,
            "cpu_options": [
              {
                "amd_sev_snp": "",
                "core_count": 1,
                "threads_per_core": 1
              }
            ],
            "cpu_threads_per_core": 1,
            "credit_specification": [
              {
                "cpu_credits": "standard"
              }
            ],
            "disable_api_stop": false,
            "disable_api_termination": false,
            "ebs_block_device": [],
            "ebs_optimized": false,
            "enclave_options": [
              {
                "enabled": false
              }
            ],
            "ephemeral_block_device": [],
            "get_password_data": false,
            "hibernation": false,
            "host_id": "",
            "host_resource_group_arn": null,
            "iam_instance_profile": "",
            "id": "i-04973d0b4eba75c68",
            "instance_initiated_shutdown_behavior": "stop",
            "instance_lifecycle": "",
            "instance_market_options": [],
            "instance_state": "running",
            "instance_type": "t2.micro",
            "ipv6_address_count": 0,
            "ipv6_addresses": [],
            "key_name": "tokyo_key",
            "launch_template": [],
            "maintenance_options": [
              {
                "auto_recovery": "default"
              }
            ],
            "metadata_options": [
              {
                "http_endpoint": "enabled",
                "http_protocol_ipv6": "disabled",
                "http_put_response_hop_limit": 1,
                "http_tokens": "optional",
                "instance_metadata_tags": "disabled"
              }
            ],
            "monitoring": false,
            "network_interface": [],
            "outpost_arn": "",
            "password_data": "",
            "placement_group": "",
            "placement_partition_number": 0,
            "primary_network_interface_id": "eni-074bc102d21cc76fd",
            "private_dns": "ip-10-0-168-87.ap-northeast-1.compute.internal",
            "private_dns_name_options": [
              {
                "enable_resource_name_dns_a_record": false,
                "enable_resource_name_dns_aaaa_record": false,
                "hostname_type": "ip-name"
              }
            ],
            "private_ip": "10.0.168.87",
            "public_dns": "",
            "public_ip": "13.230.1.229",
            "root_block_device": [
              {
                "delete_on_termination": true,
                "device_name": "/dev/sda1",
                "encrypted": false,
                "iops": 100,
                "kms_key_id": "",
                "tags": {},
                "throughput": 0,
                "volume_id": "vol-03b6ec5f5f414c3f7",
                "volume_size": 8,
                "volume_type": "gp2"
              }
            ],
            "secondary_private_ips": [],
            "security_groups": [
              "sg-0806445e7941dd8f7"
            ],
            "source_dest_check": true,
            "spot_instance_request_id": "",
            "subnet_id": "subnet-05c08086cc5a2f58f",
            "tags": {
              "Name": "tf-public-1",
              "count": "2"
            },
            "tags_all": {
              "Name": "tf-public-1",
              "count": "2"
            },
            "tenancy": "default",
            "timeouts": null,
            "user_data": null,
            "user_data_base64": null,
            "user_data_replace_on_change": false,
            "volume_tags": null,
            "vpc_security_group_ids": [
              "sg-0806445e7941dd8f7"
            ]
          },
          "sensitive_attributes": [],
          "private": "eyJlMmJmYjczMC1lY2FhLTExZTYtOGY4OC0zNDM2M2JjN2M0YzAiOnsiY3JlYXRlIjo2MDAwMDAwMDAwMDAsImRlbGV0ZSI6MTIwMDAwMDAwMDAwMCwidXBkYXRlIjo2MDAwMDAwMDAwMDB9LCJzY2hlbWFfdmVyc2lvbiI6IjEifQ==",
          "dependencies": [
            "module.ami_image.data.aws_ami.images",
            "module.sec_groups.aws_security_group.my_security_group",
            "module.subnet.aws_subnet.public_subnets",
            "module.vpc.aws_vpc.myvpc"
          ]
        },
        {
          "index_key": 1,
          "schema_version": 1,
          "attributes": {
            "ami": "ami-01073d8de60cb1dfa",
            "arn": "arn:aws:ec2:ap-northeast-1:378331682224:instance/i-0930638dabb830e49",
            "associate_public_ip_address": true,
            "availability_zone": "ap-northeast-1c",
            "capacity_reservation_specification": [
              {
                "capacity_reservation_preference": "open",
                "capacity_reservation_target": []
              }
            ],
            "cpu_core_count": 1,
            "cpu_options": [
              {
                "amd_sev_snp": "",
                "core_count": 1,
                "threads_per_core": 1
              }
            ],
            "cpu_threads_per_core": 1,
            "credit_specification": [
              {
                "cpu_credits": "standard"
              }
            ],
            "disable_api_stop": false,
            "disable_api_termination": false,
            "ebs_block_device": [],
            "ebs_optimized": false,
            "enclave_options": [
              {
                "enabled": false
              }
            ],
            "ephemeral_block_device": [],
            "get_password_data": false,
            "hibernation": false,
            "host_id": "",
            "host_resource_group_arn": null,
            "iam_instance_profile": "",
            "id": "i-0930638dabb830e49",
            "instance_initiated_shutdown_behavior": "stop",
            "instance_lifecycle": "",
            "instance_market_options": [],
            "instance_state": "running",
            "instance_type": "t2.micro",
            "ipv6_address_count": 0,
            "ipv6_addresses": [],
            "key_name": "tokyo_key",
            "launch_template": [],
            "maintenance_options": [
              {
                "auto_recovery": "default"
              }
            ],
            "metadata_options": [
              {
                "http_endpoint": "enabled",
                "http_protocol_ipv6": "disabled",
                "http_put_response_hop_limit": 1,
                "http_tokens": "optional",
                "instance_metadata_tags": "disabled"
              }
            ],
            "monitoring": false,
            "network_interface": [],
            "outpost_arn": "",
            "password_data": "",
            "placement_group": "",
            "placement_partition_number": 0,
            "primary_network_interface_id": "eni-02933a72442ecd438",
            "private_dns": "ip-10-0-238-53.ap-northeast-1.compute.internal",
            "private_dns_name_options": [
              {
                "enable_resource_name_dns_a_record": false,
                "enable_resource_name_dns_aaaa_record": false,
                "hostname_type": "ip-name"
              }
            ],
            "private_ip": "10.0.238.53",
            "public_dns": "",
            "public_ip": "13.230.56.140",
            "root_block_device": [
              {
                "delete_on_termination": true,
                "device_name": "/dev/sda1",
                "encrypted": false,
                "iops": 100,
                "kms_key_id": "",
                "tags": {},
                "throughput": 0,
                "volume_id": "vol-010bb81f35c043aeb",
                "volume_size": 8,
                "volume_type": "gp2"
              }
            ],
            "secondary_private_ips": [],
            "security_groups": [
              "sg-0806445e7941dd8f7"
            ],
            "source_dest_check": true,
            "spot_instance_request_id": "",
            "subnet_id": "subnet-05d0621b72eb6456b",
            "tags": {
              "Name": "tf-public-2",
              "count": "2"
            },
            "tags_all": {
              "Name": "tf-public-2",
              "count": "2"
            },
            "tenancy": "default",
            "timeouts": null,
            "user_data": null,
            "user_data_base64": null,
            "user_data_replace_on_change": false,
            "volume_tags": null,
            "vpc_security_group_ids": [
              "sg-0806445e7941dd8f7"
            ]
          },
          "sensitive_attributes": [],
          "private": "eyJlMmJmYjczMC1lY2FhLTExZTYtOGY4OC0zNDM2M2JjN2M0YzAiOnsiY3JlYXRlIjo2MDAwMDAwMDAwMDAsImRlbGV0ZSI6MTIwMDAwMDAwMDAwMCwidXBkYXRlIjo2MDAwMDAwMDAwMDB9LCJzY2hlbWFfdmVyc2lvbiI6IjEifQ==",
          "dependencies": [
            "module.ami_image.data.aws_ami.images",
            "module.sec_groups.aws_security_group.my_security_group",
            "module.subnet.aws_subnet.public_subnets",
            "module.vpc.aws_vpc.myvpc"
          ]
        }
      ]
    },
    {
      "module": "module.key_pair",
      "mode": "managed",
      "type": "aws_key_pair",
      "name": "public_key_pair",
      "provider": "provider[\"registry.terraform.io/hashicorp/aws\"]",
      "instances": [
        {
          "schema_version": 1,
          "attributes": {
            "arn": "arn:aws:ec2:ap-northeast-1:378331682224:key-pair/tokyo_key",
            "fingerprint": "41:ff:7c:74:3f:94:71:10:3a:88:49:7a:f0:e8:db:d1",
            "id": "tokyo_key",
            "key_name": "tokyo_key",
            "key_name_prefix": "",
            "key_pair_id": "key-0f33d9f049b78b4eb",
            "key_type": "rsa",
            "public_key": "ssh-rsa AAAAB3NzaC1yc2EAAAADAQABAAACAQC7i1nJKXJ3pJbC9sKM4hcjbr2IqWxY5Z/FFej3cAbMsL3y+JL4oaZC4PDU4oDc9v+USbr4EbqkutGnUlnnYALrhpGXcfFZRQxY+1hR/7ivwiuKSf/VtM7XM9yWfEPCJ4jKh1OWIGxRRKPy3OQIgI3OyvZEpMTh57k2/bxMFWw2kr5gYKNkBb76h+N8rJqq4oI0NDFiA4B2gfJMLDJ+9rY3+3NrGkBVWa+L0LC92frefQWotaH68ZcfWEWyEBu2N5GFwKiOCPkejR0fgBxJA414qwPy5dAUKpEmB0G9TkP3RbsXyoNpG9VIPPq9ur4lqQDebbE17bkeUir86CwtrA/DbWGbd0E6jRNqiGKoAQlgSYXv3u3OXx1upLMaV9iUHyBsYD9fzpk6gHvX/5LMDjz7cN1fDlfewGlsZHAF7/SGKbFWop1uQqJoLjC5LtV3jOXscuh4XtNIS5ycvsVJCNMm7ncPS5fhIZfJAc8BgQlxvJ51a55U5MMds9n9bQUIjTEvqzy6EiPeKOn1uKlHoEG6Ngl/4wXrdqsISSUk8m2grAPwPEXVB8ttx+mzCmk1DpuDSEpTlVHXFCOvKeb48IAMKF9G5JQYRT4UBuUX2sWs9cKbPn0Aqo8a9qEyB5Qg7nfQZo2o3zGv3TW2eLFSupZudwKIyk9Wu7o/CJcwN34SAQ==",
            "tags": null,
            "tags_all": {}
          },
          "sensitive_attributes": [],
          "private": "eyJzY2hlbWFfdmVyc2lvbiI6IjEifQ==",
          "dependencies": [
            "module.key_pair.tls_private_key.private_key"
          ]
        }
      ]
    },
    {
      "module": "module.key_pair",
      "mode": "managed",
      "type": "local_file",
      "name": "private_key_file",
      "provider": "provider[\"registry.terraform.io/hashicorp/local\"]",
      "instances": [
        {
          "schema_version": 0,
          "attributes": {
            "content": "-----BEGIN RSA PRIVATE KEY-----\nMIIJJwIBAAKCAgEAu4tZySlyd6SWwvbCjOIXI269iKlsWOWfxRXo93AGzLC98viS\n+KGmQuDw1OKA3Pb/lEm6+BG6pLrRp1JZ52AC64aRl3HxWUUMWPtYUf+4r8Irikn/\n1bTO1zPclnxDwieIyodTliBsUUSj8tzkCICNzsr2RKTE4ee5Nv28TBVsNpK+YGCj\nZAW++ofjfKyaquKCNDQxYgOAdoHyTCwyfva2N/tzaxpAVVmvi9Cwvdn63n0FqLWh\n+vGXH1hFshAbtjeRhcCojgj5Ho0dH4AcSQONeKsD8uXQFCqRJgdBvU5D90W7F8qD\naRvVSDz6vbq+JakA3m2xNe25HlIq/OgsLawPw21hm3dBOo0TaohiqAEJYEmF797t\nzl8dbqSzGlfYlB8gbGA/X86ZOoB71/+SzA48+3DdXw5X3sBpbGRwBe/0himxVqKd\nbkKiaC4wuS7Vd4zl7HLoeF7TSEucnL7FSQjTJu53D0uX4SGXyQHPAYEJcbyedWue\nVOTDHbPZ/W0FCI0xL6s8uhIj3ijp9bipR6BBujYJf+MF63arCEklJPJtoKwD8DxF\n1QfLbcfpswppNQ6bg0hKU5VR1xQjrynm+PCADChfRuSUGEU+FAblF9rFrPXCmz59\nAKqPGvahMgeUIO530GaNqN8xr901tnixUrqWbncCiMpPVru6PwiXMDd+EgECAwEA\nAQKCAgAdMFsRC/pc1KkCPxWYh7fCNAIbuwK580MikX5oxG7KfNeTcUyulboivo+9\nEmOsAGVW1wLaiSfba5glypNjh3Xs4kzWnU1K74w0bSoZ2QsNj9Lm+w1uXW2z4MZ8\nRWrmVPDdVKKVwwYYv+4kZmy3RgrMHJqnpF1gK4iQHn2n+c2V0NEAfwnvD1Xh+DRX\nuyV3YzmQlm75KkJcL21enaJeUFeb7u7PxI4uun6v7BMV+U8qQZsX3u0O+XrjzgFK\n7WbivVNQ1eNl98+OCbh2pqHAW2UxWqyKqWnxOY7NtGNu6zd4zMmJsmMxgLt5OsRr\nsxzVD7Cq7befBRjCt1cpdZkqopTxOTmVS1X1GO6qAxYGRIhRizjsfmqHT1hO4q0L\nPmk+kb3d7gcjJP6rSZcIStyYpJsACXu6Xh7BT02B92WaPNkwT9IUmbE98zgmz2Na\nLD1rDs6NUfV7e0AZh0V7d5k5moqdcyz1JfO3Jl88GTsBfUPatZHDs4y3iJo+MGLx\nKGgwjhoIzSY8zHZ3MNPpKbUFCodNzEEiMKiuM7d4IOuw2Ndu+o8c6NKpKYhXcAp8\nZFmNPTe9bhKdAUurSSOMgl1yLYnTQ/PixShC65kDMopqSucl8aIvQsTOVkVGSgV/\n8YdsqEIoocJ5vCOWjVGaNkaVcoVbZTXjcHUMS/2ohUPiRAg64QKCAQEAy6zjTtt3\nEk4jUkxaRLiIpNKrNfmJ6KlrtJhgQBgt4z516N5FQdq5tLXXBRqEuL9h7J6IDy9F\nWqm1jpCBLngVpw1FsB482qZqCi3POvUww/q0Mn01Xmo5CfxcoBhCCNPjPf72X7fq\neDlwtNy6ahCHOwmdNDMFJTpxHHI6sQRgq5jVvWd8aJ9U5pirL3Hadv+LVcBxn96b\njj2daBLp2u90I2fev1WJRWuxGJuAyR13nyCSUR5GD34UTMKqX9MckvBG1wvGZSi7\nfiIZRbHMUyBmOFnPJsRGkkXmWbeSqFQdubhqaO4wOoyy5Bu9XHYEeaz5M2Yio/GD\nTl35Y/OgDLcYQwKCAQEA67mTSnMBJfH6qyS55OjiZZeRLOTdNmmdd4kCfTxb60G+\nwFZuxoZGw0hD/il7tV/EXzTnnYyapqHD9tAEZKNDG5QX4UiWsLdGCHMc9ku2t2kC\nBuyhjXjNNs726CVEWG/nlbRTE2heail6BUnzwegNAV5mcG5yWbEP6eY3TlcrcBZF\nRMv0ta8CwFUOXElT36mULtGgyjWYrqj0NLPRXY8+wUdZxaIkGXoD9CBOZOLkBFZV\nAtEFMUey/znsv2MOfJUr+WdpYaCRfLhrtQMvsCr6OLANn/O60h8gjVtq/eKxfqp+\nlr5N6S3bBIrTXarZKygnsmliLPrrsi4t4JAZTg16awKCAQBmb5iPM5/KTBRFsvL/\ndxP6WZ4UcmGi63qpBK377m09yk9BBHEustQNiBsRjQnNZSvZ9s2VXX/zHkGa5yCh\nf3HcZ7dx4XNXwLS6U9nS3DhfiLqSXhi2WJRBanQnbKvhhrfWmWHOOFCrkLAXtp/m\n8lMhJS+0biibVa5H0Uelef8orqBpNyAB+oiXxZbrMMbgbJvmT/iVoD76JhEBo+mL\n3Dy8BeSotFtq18PlDWiTPcfI93e/Zot0BUQuawWHVkUbvc7THy/z9q19vaaaP9b0\nw+nFU5308GhR7ufwnXwcPtoIazDRf2IwQE1EnpL5ar3LeGyJJkgrzi7s/iSM2Z3Y\nZ0nDAoIBAEY4gxMjjU0Dd7vx9dqmMYM4EoxAJVHnRnxseSxbhbpgXHWpidhj+cKE\nzZRyQSL3w2TlOrYpQ4yuFdV5hEWCiSQ3CqIW4KUGA7vSpucMCQM8KdlsNngRa3iP\nUOg46dI6i8+B51mZtr6DWpEmxZGXEgC9YWDO1gu3/licNw+EUjFSwRHMfDp/Rx+K\ndvuw8GZpevYzhmWWb8RgGld01cK8QGKNYcXJFl3shi78TL4rBOfx2+M55wUWKdF0\nLP2agZ9FRNNIJhFqJszzl0pWB6fANcgbUgO7NIURtr3FZOr61As6uPko+caj3WHO\nBUca9RSxIpo4YIGrwfjTXuFNq+wfgb8CggEASrcELphGowiRdeUugS4TNE+bZyno\nh1zYpJXQT2+ZJGftmPXJzjk6h24uBSM03bFqzleubseOIGnbs92O1HDkjQbiU76e\nockyxT061G0SxyJ1StZF4IwG4PifHNWo8WaGvUKOF/s+LACRjn3TpnOXjWqOBjDu\nBrQvoL2b9g+4mUbmQ3/GudkpmXErrOm9heD2Oi+EK1XUPhzM9wW0tOPHpohcjcJZ\nMF9dg2x8UmJhHMlG8LkpIPlTXCz3mtGRC+izetAqQy2HIjFt31F2EEmSEJZ8w53+\nPdINPlxuX6+wn5q0isq5NzrOmwKbzhemfSV8hcLvf6TLXATxTpy9BW5DUA==\n-----END RSA PRIVATE KEY-----\n",
            "content_base64": null,
            "content_base64sha256": "uWnVoG1A9SlOd/MG71fd8l3Qgq5quPVwirKynW3ES7o=",
            "content_base64sha512": "IO/jBAUiBiMQ2MAxDFQU54dGbpEa8mVejzH0hvrWOdWFttpKWcujjDn4qi2mtkIt4Wsyt0uxmn7BeRFyJfucdw==",
            "content_md5": "3499dda0aa47791891123539a8b46b9f",
            "content_sha1": "02e4bb315d0883077968ca8338d9077cf4614ba2",
            "content_sha256": "b969d5a06d40f5294e77f306ef57ddf25dd082ae6ab8f5708ab2b29d6dc44bba",
            "content_sha512": "20efe3040522062310d8c0310c5414e787466e911af2655e8f31f486fad639d585b6da4a59cba38c39f8aa2da6b6422de16b32b74bb19a7ec179117225fb9c77",
            "directory_permission": "0777",
            "file_permission": "0777",
            "filename": "tokyo_key.pem",
            "id": "02e4bb315d0883077968ca8338d9077cf4614ba2",
            "sensitive_content": null,
            "source": null
          },
          "sensitive_attributes": [
            [
              {
                "type": "get_attr",
                "value": "content"
              }
            ]
          ],
          "dependencies": [
            "module.key_pair.tls_private_key.private_key"
          ]
        }
      ]
    },
    {
      "module": "module.key_pair",
      "mode": "managed",
      "type": "tls_private_key",
      "name": "private_key",
      "provider": "provider[\"registry.terraform.io/hashicorp/tls\"]",
      "instances": [
        {
          "schema_version": 1,
          "attributes": {
            "algorithm": "RSA",
            "ecdsa_curve": "P224",
            "id": "4bd4f7d09c3231751462a93ccc3ae9a068ce971e",
            "private_key_openssh": "-----BEGIN OPENSSH PRIVATE KEY-----\nb3BlbnNzaC1rZXktdjEAAAAABG5vbmUAAAAEbm9uZQAAAAAAAAABAAACFwAAAAdz\nc2gtcnNhAAAAAwEAAQAAAgEAu4tZySlyd6SWwvbCjOIXI269iKlsWOWfxRXo93AG\nzLC98viS+KGmQuDw1OKA3Pb/lEm6+BG6pLrRp1JZ52AC64aRl3HxWUUMWPtYUf+4\nr8Irikn/1bTO1zPclnxDwieIyodTliBsUUSj8tzkCICNzsr2RKTE4ee5Nv28TBVs\nNpK+YGCjZAW++ofjfKyaquKCNDQxYgOAdoHyTCwyfva2N/tzaxpAVVmvi9Cwvdn6\n3n0FqLWh+vGXH1hFshAbtjeRhcCojgj5Ho0dH4AcSQONeKsD8uXQFCqRJgdBvU5D\n90W7F8qDaRvVSDz6vbq+JakA3m2xNe25HlIq/OgsLawPw21hm3dBOo0TaohiqAEJ\nYEmF797tzl8dbqSzGlfYlB8gbGA/X86ZOoB71/+SzA48+3DdXw5X3sBpbGRwBe/0\nhimxVqKdbkKiaC4wuS7Vd4zl7HLoeF7TSEucnL7FSQjTJu53D0uX4SGXyQHPAYEJ\ncbyedWueVOTDHbPZ/W0FCI0xL6s8uhIj3ijp9bipR6BBujYJf+MF63arCEklJPJt\noKwD8DxF1QfLbcfpswppNQ6bg0hKU5VR1xQjrynm+PCADChfRuSUGEU+FAblF9rF\nrPXCmz59AKqPGvahMgeUIO530GaNqN8xr901tnixUrqWbncCiMpPVru6PwiXMDd+\nEgEAAAc4B74BAQe+AQEAAAAHc3NoLXJzYQAAAgEAu4tZySlyd6SWwvbCjOIXI269\niKlsWOWfxRXo93AGzLC98viS+KGmQuDw1OKA3Pb/lEm6+BG6pLrRp1JZ52AC64aR\nl3HxWUUMWPtYUf+4r8Irikn/1bTO1zPclnxDwieIyodTliBsUUSj8tzkCICNzsr2\nRKTE4ee5Nv28TBVsNpK+YGCjZAW++ofjfKyaquKCNDQxYgOAdoHyTCwyfva2N/tz\naxpAVVmvi9Cwvdn63n0FqLWh+vGXH1hFshAbtjeRhcCojgj5Ho0dH4AcSQONeKsD\n8uXQFCqRJgdBvU5D90W7F8qDaRvVSDz6vbq+JakA3m2xNe25HlIq/OgsLawPw21h\nm3dBOo0TaohiqAEJYEmF797tzl8dbqSzGlfYlB8gbGA/X86ZOoB71/+SzA48+3Dd\nXw5X3sBpbGRwBe/0himxVqKdbkKiaC4wuS7Vd4zl7HLoeF7TSEucnL7FSQjTJu53\nD0uX4SGXyQHPAYEJcbyedWueVOTDHbPZ/W0FCI0xL6s8uhIj3ijp9bipR6BBujYJ\nf+MF63arCEklJPJtoKwD8DxF1QfLbcfpswppNQ6bg0hKU5VR1xQjrynm+PCADChf\nRuSUGEU+FAblF9rFrPXCmz59AKqPGvahMgeUIO530GaNqN8xr901tnixUrqWbncC\niMpPVru6PwiXMDd+EgEAAAADAQABAAACAB0wWxEL+lzUqQI/FZiHt8I0Ahu7Arnz\nQyKRfmjEbsp815NxTK6VuiK+j70SY6wAZVbXAtqJJ9trmCXKk2OHdeziTNadTUrv\njDRtKhnZCw2P0ub7DW5dbbPgxnxFauZU8N1UopXDBhi/7iRmbLdGCswcmqekXWAr\niJAefaf5zZXQ0QB/Ce8PVeH4NFe7JXdjOZCWbvkqQlwvbV6dol5QV5vu7s/Eji66\nfq/sExX5TypBmxfe7Q75euPOAUrtZuK9U1DV42X3z44JuHamocBbZTFarIqpafE5\njs20Y27rN3jMyYmyYzGAu3k6xGuzHNUPsKrtt58FGMK3Vyl1mSqilPE5OZVLVfUY\n7qoDFgZEiFGLOOx+aodPWE7irQs+aT6Rvd3uByMk/qtJlwhK3JikmwAJe7peHsFP\nTYH3ZZo82TBP0hSZsT3zOCbPY1osPWsOzo1R9Xt7QBmHRXt3mTmaip1zLPUl87cm\nXzwZOwF9Q9q1kcOzjLeImj4wYvEoaDCOGgjNJjzMdncw0+kptQUKh03MQSIwqK4z\nt3gg67DY1276jxzo0qkpiFdwCnxkWY09N71uEp0BS6tJI4yCXXItidND8+LFKELr\nmQMyimpK5yXxoi9CxM5WRUZKBX/xh2yoQiihwnm8I5aNUZo2RpVyhVtlNeNwdQxL\n/aiFQ+JECDrhAAABAEq3BC6YRqMIkXXlLoEuEzRPm2cp6Idc2KSV0E9vmSRn7Zj1\nyc45OoduLgUjNN2xas5Xrm7HjiBp27PdjtRw5I0G4lO+nqHJMsU9OtRtEscidUrW\nReCMBuD4nxzVqPFmhr1Cjhf7PiwAkY5906Zzl41qjgYw7ga0L6C9m/YPuJlG5kN/\nxrnZKZlxK6zpvYXg9jovhCtV1D4czPcFtLTjx6aIXI3CWTBfXYNsfFJiYRzJRvC5\nKSD5U1ws95rRkQvos3rQKkMthyIxbd9RdhBJkhCWfMOd/j3SDT5cbl+vsJ+atIrK\nuTc6zpsCm84Xpn0lfIXC73+ky1wE8U6cvQVuQ1AAAAEBAMus407bdxJOI1JMWkS4\niKTSqzX5ieipa7SYYEAYLeM+dejeRUHaubS11wUahLi/YeyeiA8vRVqptY6QgS54\nFacNRbAePNqmagotzzr1MMP6tDJ9NV5qOQn8XKAYQgjT4z3+9l+36ng5cLTcumoQ\nhzsJnTQzBSU6cRxyOrEEYKuY1b1nfGifVOaYqy9x2nb/i1XAcZ/em449nWgS6drv\ndCNn3r9ViUVrsRibgMkdd58gklEeRg9+FEzCql/THJLwRtcLxmUou34iGUWxzFMg\nZjhZzybERpJF5lm3kqhUHbm4amjuMDqMsuQbvVx2BHms+TNmIqPxg05d+WPzoAy3\nGEMAAAEBAOu5k0pzASXx+qskueTo4mWXkSzk3TZpnXeJAn08W+tBvsBWbsaGRsNI\nQ/4pe7VfxF80552Mmqahw/bQBGSjQxuUF+FIlrC3RghzHPZLtrdpAgbsoY14zTbO\n9uglRFhv55W0UxNoXmopegVJ88HoDQFeZnBuclmxD+nmN05XK3AWRUTL9LWvAsBV\nDlxJU9+plC7RoMo1mK6o9DSz0V2PPsFHWcWiJBl6A/QgTmTi5ARWVQLRBTFHsv85\n7L9jDnyVK/lnaWGgkXy4a7UDL7Aq+jiwDZ/zutIfII1bav3isX6qfpa+Tekt2wSK\n012q2SsoJ7JpYiz667IuLeCQGU4NemsAAAAAAQID\n-----END OPENSSH PRIVATE KEY-----\n",
            "private_key_pem": "-----BEGIN RSA PRIVATE KEY-----\nMIIJJwIBAAKCAgEAu4tZySlyd6SWwvbCjOIXI269iKlsWOWfxRXo93AGzLC98viS\n+KGmQuDw1OKA3Pb/lEm6+BG6pLrRp1JZ52AC64aRl3HxWUUMWPtYUf+4r8Irikn/\n1bTO1zPclnxDwieIyodTliBsUUSj8tzkCICNzsr2RKTE4ee5Nv28TBVsNpK+YGCj\nZAW++ofjfKyaquKCNDQxYgOAdoHyTCwyfva2N/tzaxpAVVmvi9Cwvdn63n0FqLWh\n+vGXH1hFshAbtjeRhcCojgj5Ho0dH4AcSQONeKsD8uXQFCqRJgdBvU5D90W7F8qD\naRvVSDz6vbq+JakA3m2xNe25HlIq/OgsLawPw21hm3dBOo0TaohiqAEJYEmF797t\nzl8dbqSzGlfYlB8gbGA/X86ZOoB71/+SzA48+3DdXw5X3sBpbGRwBe/0himxVqKd\nbkKiaC4wuS7Vd4zl7HLoeF7TSEucnL7FSQjTJu53D0uX4SGXyQHPAYEJcbyedWue\nVOTDHbPZ/W0FCI0xL6s8uhIj3ijp9bipR6BBujYJf+MF63arCEklJPJtoKwD8DxF\n1QfLbcfpswppNQ6bg0hKU5VR1xQjrynm+PCADChfRuSUGEU+FAblF9rFrPXCmz59\nAKqPGvahMgeUIO530GaNqN8xr901tnixUrqWbncCiMpPVru6PwiXMDd+EgECAwEA\nAQKCAgAdMFsRC/pc1KkCPxWYh7fCNAIbuwK580MikX5oxG7KfNeTcUyulboivo+9\nEmOsAGVW1wLaiSfba5glypNjh3Xs4kzWnU1K74w0bSoZ2QsNj9Lm+w1uXW2z4MZ8\nRWrmVPDdVKKVwwYYv+4kZmy3RgrMHJqnpF1gK4iQHn2n+c2V0NEAfwnvD1Xh+DRX\nuyV3YzmQlm75KkJcL21enaJeUFeb7u7PxI4uun6v7BMV+U8qQZsX3u0O+XrjzgFK\n7WbivVNQ1eNl98+OCbh2pqHAW2UxWqyKqWnxOY7NtGNu6zd4zMmJsmMxgLt5OsRr\nsxzVD7Cq7befBRjCt1cpdZkqopTxOTmVS1X1GO6qAxYGRIhRizjsfmqHT1hO4q0L\nPmk+kb3d7gcjJP6rSZcIStyYpJsACXu6Xh7BT02B92WaPNkwT9IUmbE98zgmz2Na\nLD1rDs6NUfV7e0AZh0V7d5k5moqdcyz1JfO3Jl88GTsBfUPatZHDs4y3iJo+MGLx\nKGgwjhoIzSY8zHZ3MNPpKbUFCodNzEEiMKiuM7d4IOuw2Ndu+o8c6NKpKYhXcAp8\nZFmNPTe9bhKdAUurSSOMgl1yLYnTQ/PixShC65kDMopqSucl8aIvQsTOVkVGSgV/\n8YdsqEIoocJ5vCOWjVGaNkaVcoVbZTXjcHUMS/2ohUPiRAg64QKCAQEAy6zjTtt3\nEk4jUkxaRLiIpNKrNfmJ6KlrtJhgQBgt4z516N5FQdq5tLXXBRqEuL9h7J6IDy9F\nWqm1jpCBLngVpw1FsB482qZqCi3POvUww/q0Mn01Xmo5CfxcoBhCCNPjPf72X7fq\neDlwtNy6ahCHOwmdNDMFJTpxHHI6sQRgq5jVvWd8aJ9U5pirL3Hadv+LVcBxn96b\njj2daBLp2u90I2fev1WJRWuxGJuAyR13nyCSUR5GD34UTMKqX9MckvBG1wvGZSi7\nfiIZRbHMUyBmOFnPJsRGkkXmWbeSqFQdubhqaO4wOoyy5Bu9XHYEeaz5M2Yio/GD\nTl35Y/OgDLcYQwKCAQEA67mTSnMBJfH6qyS55OjiZZeRLOTdNmmdd4kCfTxb60G+\nwFZuxoZGw0hD/il7tV/EXzTnnYyapqHD9tAEZKNDG5QX4UiWsLdGCHMc9ku2t2kC\nBuyhjXjNNs726CVEWG/nlbRTE2heail6BUnzwegNAV5mcG5yWbEP6eY3TlcrcBZF\nRMv0ta8CwFUOXElT36mULtGgyjWYrqj0NLPRXY8+wUdZxaIkGXoD9CBOZOLkBFZV\nAtEFMUey/znsv2MOfJUr+WdpYaCRfLhrtQMvsCr6OLANn/O60h8gjVtq/eKxfqp+\nlr5N6S3bBIrTXarZKygnsmliLPrrsi4t4JAZTg16awKCAQBmb5iPM5/KTBRFsvL/\ndxP6WZ4UcmGi63qpBK377m09yk9BBHEustQNiBsRjQnNZSvZ9s2VXX/zHkGa5yCh\nf3HcZ7dx4XNXwLS6U9nS3DhfiLqSXhi2WJRBanQnbKvhhrfWmWHOOFCrkLAXtp/m\n8lMhJS+0biibVa5H0Uelef8orqBpNyAB+oiXxZbrMMbgbJvmT/iVoD76JhEBo+mL\n3Dy8BeSotFtq18PlDWiTPcfI93e/Zot0BUQuawWHVkUbvc7THy/z9q19vaaaP9b0\nw+nFU5308GhR7ufwnXwcPtoIazDRf2IwQE1EnpL5ar3LeGyJJkgrzi7s/iSM2Z3Y\nZ0nDAoIBAEY4gxMjjU0Dd7vx9dqmMYM4EoxAJVHnRnxseSxbhbpgXHWpidhj+cKE\nzZRyQSL3w2TlOrYpQ4yuFdV5hEWCiSQ3CqIW4KUGA7vSpucMCQM8KdlsNngRa3iP\nUOg46dI6i8+B51mZtr6DWpEmxZGXEgC9YWDO1gu3/licNw+EUjFSwRHMfDp/Rx+K\ndvuw8GZpevYzhmWWb8RgGld01cK8QGKNYcXJFl3shi78TL4rBOfx2+M55wUWKdF0\nLP2agZ9FRNNIJhFqJszzl0pWB6fANcgbUgO7NIURtr3FZOr61As6uPko+caj3WHO\nBUca9RSxIpo4YIGrwfjTXuFNq+wfgb8CggEASrcELphGowiRdeUugS4TNE+bZyno\nh1zYpJXQT2+ZJGftmPXJzjk6h24uBSM03bFqzleubseOIGnbs92O1HDkjQbiU76e\nockyxT061G0SxyJ1StZF4IwG4PifHNWo8WaGvUKOF/s+LACRjn3TpnOXjWqOBjDu\nBrQvoL2b9g+4mUbmQ3/GudkpmXErrOm9heD2Oi+EK1XUPhzM9wW0tOPHpohcjcJZ\nMF9dg2x8UmJhHMlG8LkpIPlTXCz3mtGRC+izetAqQy2HIjFt31F2EEmSEJZ8w53+\nPdINPlxuX6+wn5q0isq5NzrOmwKbzhemfSV8hcLvf6TLXATxTpy9BW5DUA==\n-----END RSA PRIVATE KEY-----\n",
            "private_key_pem_pkcs8": "-----BEGIN PRIVATE KEY-----\nMIIJQQIBADANBgkqhkiG9w0BAQEFAASCCSswggknAgEAAoICAQC7i1nJKXJ3pJbC\n9sKM4hcjbr2IqWxY5Z/FFej3cAbMsL3y+JL4oaZC4PDU4oDc9v+USbr4EbqkutGn\nUlnnYALrhpGXcfFZRQxY+1hR/7ivwiuKSf/VtM7XM9yWfEPCJ4jKh1OWIGxRRKPy\n3OQIgI3OyvZEpMTh57k2/bxMFWw2kr5gYKNkBb76h+N8rJqq4oI0NDFiA4B2gfJM\nLDJ+9rY3+3NrGkBVWa+L0LC92frefQWotaH68ZcfWEWyEBu2N5GFwKiOCPkejR0f\ngBxJA414qwPy5dAUKpEmB0G9TkP3RbsXyoNpG9VIPPq9ur4lqQDebbE17bkeUir8\n6CwtrA/DbWGbd0E6jRNqiGKoAQlgSYXv3u3OXx1upLMaV9iUHyBsYD9fzpk6gHvX\n/5LMDjz7cN1fDlfewGlsZHAF7/SGKbFWop1uQqJoLjC5LtV3jOXscuh4XtNIS5yc\nvsVJCNMm7ncPS5fhIZfJAc8BgQlxvJ51a55U5MMds9n9bQUIjTEvqzy6EiPeKOn1\nuKlHoEG6Ngl/4wXrdqsISSUk8m2grAPwPEXVB8ttx+mzCmk1DpuDSEpTlVHXFCOv\nKeb48IAMKF9G5JQYRT4UBuUX2sWs9cKbPn0Aqo8a9qEyB5Qg7nfQZo2o3zGv3TW2\neLFSupZudwKIyk9Wu7o/CJcwN34SAQIDAQABAoICAB0wWxEL+lzUqQI/FZiHt8I0\nAhu7ArnzQyKRfmjEbsp815NxTK6VuiK+j70SY6wAZVbXAtqJJ9trmCXKk2OHdezi\nTNadTUrvjDRtKhnZCw2P0ub7DW5dbbPgxnxFauZU8N1UopXDBhi/7iRmbLdGCswc\nmqekXWAriJAefaf5zZXQ0QB/Ce8PVeH4NFe7JXdjOZCWbvkqQlwvbV6dol5QV5vu\n7s/Eji66fq/sExX5TypBmxfe7Q75euPOAUrtZuK9U1DV42X3z44JuHamocBbZTFa\nrIqpafE5js20Y27rN3jMyYmyYzGAu3k6xGuzHNUPsKrtt58FGMK3Vyl1mSqilPE5\nOZVLVfUY7qoDFgZEiFGLOOx+aodPWE7irQs+aT6Rvd3uByMk/qtJlwhK3JikmwAJ\ne7peHsFPTYH3ZZo82TBP0hSZsT3zOCbPY1osPWsOzo1R9Xt7QBmHRXt3mTmaip1z\nLPUl87cmXzwZOwF9Q9q1kcOzjLeImj4wYvEoaDCOGgjNJjzMdncw0+kptQUKh03M\nQSIwqK4zt3gg67DY1276jxzo0qkpiFdwCnxkWY09N71uEp0BS6tJI4yCXXItidND\n8+LFKELrmQMyimpK5yXxoi9CxM5WRUZKBX/xh2yoQiihwnm8I5aNUZo2RpVyhVtl\nNeNwdQxL/aiFQ+JECDrhAoIBAQDLrONO23cSTiNSTFpEuIik0qs1+YnoqWu0mGBA\nGC3jPnXo3kVB2rm0tdcFGoS4v2HsnogPL0VaqbWOkIEueBWnDUWwHjzapmoKLc86\n9TDD+rQyfTVeajkJ/FygGEII0+M9/vZft+p4OXC03LpqEIc7CZ00MwUlOnEccjqx\nBGCrmNW9Z3xon1TmmKsvcdp2/4tVwHGf3puOPZ1oEuna73QjZ96/VYlFa7EYm4DJ\nHXefIJJRHkYPfhRMwqpf0xyS8EbXC8ZlKLt+IhlFscxTIGY4Wc8mxEaSReZZt5Ko\nVB25uGpo7jA6jLLkG71cdgR5rPkzZiKj8YNOXflj86AMtxhDAoIBAQDruZNKcwEl\n8fqrJLnk6OJll5Es5N02aZ13iQJ9PFvrQb7AVm7GhkbDSEP+KXu1X8RfNOedjJqm\nocP20ARko0MblBfhSJawt0YIcxz2S7a3aQIG7KGNeM02zvboJURYb+eVtFMTaF5q\nKXoFSfPB6A0BXmZwbnJZsQ/p5jdOVytwFkVEy/S1rwLAVQ5cSVPfqZQu0aDKNZiu\nqPQ0s9Fdjz7BR1nFoiQZegP0IE5k4uQEVlUC0QUxR7L/Oey/Yw58lSv5Z2lhoJF8\nuGu1Ay+wKvo4sA2f87rSHyCNW2r94rF+qn6Wvk3pLdsEitNdqtkrKCeyaWIs+uuy\nLi3gkBlODXprAoIBAGZvmI8zn8pMFEWy8v93E/pZnhRyYaLreqkErfvubT3KT0EE\ncS6y1A2IGxGNCc1lK9n2zZVdf/MeQZrnIKF/cdxnt3Hhc1fAtLpT2dLcOF+IupJe\nGLZYlEFqdCdsq+GGt9aZYc44UKuQsBe2n+byUyElL7RuKJtVrkfRR6V5/yiuoGk3\nIAH6iJfFluswxuBsm+ZP+JWgPvomEQGj6YvcPLwF5Ki0W2rXw+UNaJM9x8j3d79m\ni3QFRC5rBYdWRRu9ztMfL/P2rX29ppo/1vTD6cVTnfTwaFHu5/CdfBw+2ghrMNF/\nYjBATUSekvlqvct4bIkmSCvOLuz+JIzZndhnScMCggEARjiDEyONTQN3u/H12qYx\ngzgSjEAlUedGfGx5LFuFumBcdamJ2GP5woTNlHJBIvfDZOU6tilDjK4V1XmERYKJ\nJDcKohbgpQYDu9Km5wwJAzwp2Ww2eBFreI9Q6Djp0jqLz4HnWZm2voNakSbFkZcS\nAL1hYM7WC7f+WJw3D4RSMVLBEcx8On9HH4p2+7DwZml69jOGZZZvxGAaV3TVwrxA\nYo1hxckWXeyGLvxMvisE5/Hb4znnBRYp0XQs/ZqBn0VE00gmEWomzPOXSlYHp8A1\nyBtSA7s0hRG2vcVk6vrUCzq4+Sj5xqPdYc4FRxr1FLEimjhggavB+NNe4U2r7B+B\nvwKCAQBKtwQumEajCJF15S6BLhM0T5tnKeiHXNikldBPb5kkZ+2Y9cnOOTqHbi4F\nIzTdsWrOV65ux44gaduz3Y7UcOSNBuJTvp6hyTLFPTrUbRLHInVK1kXgjAbg+J8c\n1ajxZoa9Qo4X+z4sAJGOfdOmc5eNao4GMO4GtC+gvZv2D7iZRuZDf8a52SmZcSus\n6b2F4PY6L4QrVdQ+HMz3BbS048emiFyNwlkwX12DbHxSYmEcyUbwuSkg+VNcLPea\n0ZEL6LN60CpDLYciMW3fUXYQSZIQlnzDnf490g0+XG5fr7CfmrSKyrk3Os6bApvO\nF6Z9JXyFwu9/pMtcBPFOnL0FbkNQ\n-----END PRIVATE KEY-----\n",
            "public_key_fingerprint_md5": "e5:c7:cc:6a:b5:5f:ec:7d:11:f0:b8:99:8a:bd:f9:4d",
            "public_key_fingerprint_sha256": "SHA256:o9eYDzOyMmaqs3iGd/3RPBKDsDoVvFvOYepeX42DiDg",
            "public_key_openssh": "ssh-rsa AAAAB3NzaC1yc2EAAAADAQABAAACAQC7i1nJKXJ3pJbC9sKM4hcjbr2IqWxY5Z/FFej3cAbMsL3y+JL4oaZC4PDU4oDc9v+USbr4EbqkutGnUlnnYALrhpGXcfFZRQxY+1hR/7ivwiuKSf/VtM7XM9yWfEPCJ4jKh1OWIGxRRKPy3OQIgI3OyvZEpMTh57k2/bxMFWw2kr5gYKNkBb76h+N8rJqq4oI0NDFiA4B2gfJMLDJ+9rY3+3NrGkBVWa+L0LC92frefQWotaH68ZcfWEWyEBu2N5GFwKiOCPkejR0fgBxJA414qwPy5dAUKpEmB0G9TkP3RbsXyoNpG9VIPPq9ur4lqQDebbE17bkeUir86CwtrA/DbWGbd0E6jRNqiGKoAQlgSYXv3u3OXx1upLMaV9iUHyBsYD9fzpk6gHvX/5LMDjz7cN1fDlfewGlsZHAF7/SGKbFWop1uQqJoLjC5LtV3jOXscuh4XtNIS5ycvsVJCNMm7ncPS5fhIZfJAc8BgQlxvJ51a55U5MMds9n9bQUIjTEvqzy6EiPeKOn1uKlHoEG6Ngl/4wXrdqsISSUk8m2grAPwPEXVB8ttx+mzCmk1DpuDSEpTlVHXFCOvKeb48IAMKF9G5JQYRT4UBuUX2sWs9cKbPn0Aqo8a9qEyB5Qg7nfQZo2o3zGv3TW2eLFSupZudwKIyk9Wu7o/CJcwN34SAQ==\n",
            "public_key_pem": "-----BEGIN PUBLIC KEY-----\nMIICIjANBgkqhkiG9w0BAQEFAAOCAg8AMIICCgKCAgEAu4tZySlyd6SWwvbCjOIX\nI269iKlsWOWfxRXo93AGzLC98viS+KGmQuDw1OKA3Pb/lEm6+BG6pLrRp1JZ52AC\n64aRl3HxWUUMWPtYUf+4r8Irikn/1bTO1zPclnxDwieIyodTliBsUUSj8tzkCICN\nzsr2RKTE4ee5Nv28TBVsNpK+YGCjZAW++ofjfKyaquKCNDQxYgOAdoHyTCwyfva2\nN/tzaxpAVVmvi9Cwvdn63n0FqLWh+vGXH1hFshAbtjeRhcCojgj5Ho0dH4AcSQON\neKsD8uXQFCqRJgdBvU5D90W7F8qDaRvVSDz6vbq+JakA3m2xNe25HlIq/OgsLawP\nw21hm3dBOo0TaohiqAEJYEmF797tzl8dbqSzGlfYlB8gbGA/X86ZOoB71/+SzA48\n+3DdXw5X3sBpbGRwBe/0himxVqKdbkKiaC4wuS7Vd4zl7HLoeF7TSEucnL7FSQjT\nJu53D0uX4SGXyQHPAYEJcbyedWueVOTDHbPZ/W0FCI0xL6s8uhIj3ijp9bipR6BB\nujYJf+MF63arCEklJPJtoKwD8DxF1QfLbcfpswppNQ6bg0hKU5VR1xQjrynm+PCA\nDChfRuSUGEU+FAblF9rFrPXCmz59AKqPGvahMgeUIO530GaNqN8xr901tnixUrqW\nbncCiMpPVru6PwiXMDd+EgECAwEAAQ==\n-----END PUBLIC KEY-----\n",
            "rsa_bits": 4096
          },
          "sensitive_attributes": []
        }
      ]
    },
    {
      "module": "module.nat",
      "mode": "managed",
      "type": "aws_eip",
      "name": "nat_eip",
      "provider": "provider[\"registry.terraform.io/hashicorp/aws\"]",
      "instances": [
        {
          "schema_version": 0,
          "attributes": {
            "address": null,
            "allocation_id": "eipalloc-068f5a35c04b65456",
            "associate_with_private_ip": null,
            "association_id": "",
            "carrier_ip": "",
            "customer_owned_ip": "",
            "customer_owned_ipv4_pool": "",
            "domain": "vpc",
            "id": "eipalloc-068f5a35c04b65456",
            "instance": "",
            "network_border_group": "ap-northeast-1",
            "network_interface": "",
            "private_dns": null,
            "private_ip": "",
            "public_dns": "ec2-54-249-21-131.ap-northeast-1.compute.amazonaws.com",
            "public_ip": "54.249.21.131",
            "public_ipv4_pool": "amazon",
            "tags": null,
            "tags_all": {},
            "timeouts": null,
            "vpc": true
          },
          "sensitive_attributes": [],
          "private": "eyJlMmJmYjczMC1lY2FhLTExZTYtOGY4OC0zNDM2M2JjN2M0YzAiOnsiZGVsZXRlIjoxODAwMDAwMDAwMDAsInJlYWQiOjkwMDAwMDAwMDAwMCwidXBkYXRlIjozMDAwMDAwMDAwMDB9fQ=="
        }
      ]
    },
    {
      "module": "module.nat",
      "mode": "managed",
      "type": "aws_nat_gateway",
      "name": "mynat",
      "provider": "provider[\"registry.terraform.io/hashicorp/aws\"]",
      "instances": [
        {
          "schema_version": 0,
          "attributes": {
            "allocation_id": "eipalloc-068f5a35c04b65456",
            "association_id": "eipassoc-0e5de515ba0b3fb5f",
            "connectivity_type": "public",
            "id": "nat-0299bfdd310197382",
            "network_interface_id": "eni-04098cc237e90a855",
            "private_ip": "10.0.138.43",
            "public_ip": "54.249.21.131",
            "secondary_allocation_ids": null,
            "secondary_private_ip_address_count": 0,
            "secondary_private_ip_addresses": [],
            "subnet_id": "subnet-05c08086cc5a2f58f",
            "tags": {
              "Name": "tf-nat"
            },
            "tags_all": {
              "Name": "tf-nat"
            },
            "timeouts": null
          },
          "sensitive_attributes": [],
          "private": "eyJlMmJmYjczMC1lY2FhLTExZTYtOGY4OC0zNDM2M2JjN2M0YzAiOnsiY3JlYXRlIjo2MDAwMDAwMDAwMDAsImRlbGV0ZSI6MTgwMDAwMDAwMDAwMCwidXBkYXRlIjo2MDAwMDAwMDAwMDB9fQ==",
          "dependencies": [
            "module.nat.aws_eip.nat_eip",
            "module.subnet.aws_subnet.public_subnets",
            "module.vpc.aws_vpc.myvpc"
          ]
        }
      ]
    },
    {
      "module": "module.route_table",
      "mode": "managed",
      "type": "aws_route_table",
      "name": "private_route_table",
      "provider": "provider[\"registry.terraform.io/hashicorp/aws\"]",
      "instances": [
        {
          "schema_version": 0,
          "attributes": {
            "arn": "arn:aws:ec2:ap-northeast-1:378331682224:route-table/rtb-0ec59f4b64ba9a2f4",
            "id": "rtb-0ec59f4b64ba9a2f4",
            "owner_id": "378331682224",
            "propagating_vgws": [],
            "route": [
              {
                "carrier_gateway_id": "",
                "cidr_block": "0.0.0.0/0",
                "core_network_arn": "",
                "destination_prefix_list_id": "",
                "egress_only_gateway_id": "",
                "gateway_id": "nat-0299bfdd310197382",
                "ipv6_cidr_block": "",
                "local_gateway_id": "",
                "nat_gateway_id": "",
                "network_interface_id": "",
                "transit_gateway_id": "",
                "vpc_endpoint_id": "",
                "vpc_peering_connection_id": ""
              }
            ],
            "tags": {
              "Name": "tf-private-route"
            },
            "tags_all": {
              "Name": "tf-private-route"
            },
            "timeouts": null,
            "vpc_id": "vpc-05ffce4524d551961"
          },
          "sensitive_attributes": [],
          "private": "eyJlMmJmYjczMC1lY2FhLTExZTYtOGY4OC0zNDM2M2JjN2M0YzAiOnsiY3JlYXRlIjozMDAwMDAwMDAwMDAsImRlbGV0ZSI6MzAwMDAwMDAwMDAwLCJ1cGRhdGUiOjEyMDAwMDAwMDAwMH19",
          "dependencies": [
            "module.nat.aws_eip.nat_eip",
            "module.nat.aws_nat_gateway.mynat",
            "module.subnet.aws_subnet.public_subnets",
            "module.vpc.aws_vpc.myvpc"
          ]
        }
      ]
    },
    {
      "module": "module.route_table",
      "mode": "managed",
      "type": "aws_route_table",
      "name": "public_route_table",
      "provider": "provider[\"registry.terraform.io/hashicorp/aws\"]",
      "instances": [
        {
          "schema_version": 0,
          "attributes": {
            "arn": "arn:aws:ec2:ap-northeast-1:378331682224:route-table/rtb-05c27d813e6ad3bf7",
            "id": "rtb-05c27d813e6ad3bf7",
            "owner_id": "378331682224",
            "propagating_vgws": [],
            "route": [
              {
                "carrier_gateway_id": "",
                "cidr_block": "0.0.0.0/0",
                "core_network_arn": "",
                "destination_prefix_list_id": "",
                "egress_only_gateway_id": "",
                "gateway_id": "igw-0813d52bbb3f6b98d",
                "ipv6_cidr_block": "",
                "local_gateway_id": "",
                "nat_gateway_id": "",
                "network_interface_id": "",
                "transit_gateway_id": "",
                "vpc_endpoint_id": "",
                "vpc_peering_connection_id": ""
              }
            ],
            "tags": {
              "Name": "tf-public-route"
            },
            "tags_all": {
              "Name": "tf-public-route"
            },
            "timeouts": null,
            "vpc_id": "vpc-05ffce4524d551961"
          },
          "sensitive_attributes": [],
          "private": "eyJlMmJmYjczMC1lY2FhLTExZTYtOGY4OC0zNDM2M2JjN2M0YzAiOnsiY3JlYXRlIjozMDAwMDAwMDAwMDAsImRlbGV0ZSI6MzAwMDAwMDAwMDAwLCJ1cGRhdGUiOjEyMDAwMDAwMDAwMH19",
          "dependencies": [
            "module.igw.aws_internet_gateway.myigw",
            "module.vpc.aws_vpc.myvpc"
          ]
        }
      ]
    },
    {
      "module": "module.route_table",
      "mode": "managed",
      "type": "aws_route_table_association",
      "name": "private_subnet_association",
      "provider": "provider[\"registry.terraform.io/hashicorp/aws\"]",
      "instances": [
        {
          "index_key": 0,
          "schema_version": 0,
          "attributes": {
            "gateway_id": "",
            "id": "rtbassoc-017f210bad2ad1864",
            "route_table_id": "rtb-0ec59f4b64ba9a2f4",
            "subnet_id": "subnet-022aeae1397ab3fc6",
            "timeouts": null
          },
          "sensitive_attributes": [],
          "private": "eyJlMmJmYjczMC1lY2FhLTExZTYtOGY4OC0zNDM2M2JjN2M0YzAiOnsiY3JlYXRlIjozMDAwMDAwMDAwMDAsImRlbGV0ZSI6MzAwMDAwMDAwMDAwLCJ1cGRhdGUiOjEyMDAwMDAwMDAwMH19",
          "dependencies": [
            "module.nat.aws_eip.nat_eip",
            "module.nat.aws_nat_gateway.mynat",
            "module.route_table.aws_route_table.private_route_table",
            "module.subnet.aws_subnet.private_subnets",
            "module.subnet.aws_subnet.public_subnets",
            "module.vpc.aws_vpc.myvpc"
          ]
        },
        {
          "index_key": 1,
          "schema_version": 0,
          "attributes": {
            "gateway_id": "",
            "id": "rtbassoc-0a0d5d5c71072ffce",
            "route_table_id": "rtb-0ec59f4b64ba9a2f4",
            "subnet_id": "subnet-046f701432618e8d4",
            "timeouts": null
          },
          "sensitive_attributes": [],
          "private": "eyJlMmJmYjczMC1lY2FhLTExZTYtOGY4OC0zNDM2M2JjN2M0YzAiOnsiY3JlYXRlIjozMDAwMDAwMDAwMDAsImRlbGV0ZSI6MzAwMDAwMDAwMDAwLCJ1cGRhdGUiOjEyMDAwMDAwMDAwMH19",
          "dependencies": [
            "module.nat.aws_eip.nat_eip",
            "module.nat.aws_nat_gateway.mynat",
            "module.route_table.aws_route_table.private_route_table",
            "module.subnet.aws_subnet.private_subnets",
            "module.subnet.aws_subnet.public_subnets",
            "module.vpc.aws_vpc.myvpc"
          ]
        }
      ]
    },
    {
      "module": "module.route_table",
      "mode": "managed",
      "type": "aws_route_table_association",
      "name": "public_subnet_association",
      "provider": "provider[\"registry.terraform.io/hashicorp/aws\"]",
      "instances": [
        {
          "index_key": 0,
          "schema_version": 0,
          "attributes": {
            "gateway_id": "",
            "id": "rtbassoc-06c1d55d5a5db9eb5",
            "route_table_id": "rtb-05c27d813e6ad3bf7",
            "subnet_id": "subnet-05c08086cc5a2f58f",
            "timeouts": null
          },
          "sensitive_attributes": [],
          "private": "eyJlMmJmYjczMC1lY2FhLTExZTYtOGY4OC0zNDM2M2JjN2M0YzAiOnsiY3JlYXRlIjozMDAwMDAwMDAwMDAsImRlbGV0ZSI6MzAwMDAwMDAwMDAwLCJ1cGRhdGUiOjEyMDAwMDAwMDAwMH19",
          "dependencies": [
            "module.igw.aws_internet_gateway.myigw",
            "module.route_table.aws_route_table.public_route_table",
            "module.subnet.aws_subnet.public_subnets",
            "module.vpc.aws_vpc.myvpc"
          ]
        },
        {
          "index_key": 1,
          "schema_version": 0,
          "attributes": {
            "gateway_id": "",
            "id": "rtbassoc-07447be18378ed5eb",
            "route_table_id": "rtb-05c27d813e6ad3bf7",
            "subnet_id": "subnet-05d0621b72eb6456b",
            "timeouts": null
          },
          "sensitive_attributes": [],
          "private": "eyJlMmJmYjczMC1lY2FhLTExZTYtOGY4OC0zNDM2M2JjN2M0YzAiOnsiY3JlYXRlIjozMDAwMDAwMDAwMDAsImRlbGV0ZSI6MzAwMDAwMDAwMDAwLCJ1cGRhdGUiOjEyMDAwMDAwMDAwMH19",
          "dependencies": [
            "module.igw.aws_internet_gateway.myigw",
            "module.route_table.aws_route_table.public_route_table",
            "module.subnet.aws_subnet.public_subnets",
            "module.vpc.aws_vpc.myvpc"
          ]
        }
      ]
    },
    {
      "module": "module.sec_groups",
      "mode": "managed",
      "type": "aws_security_group",
      "name": "my_security_group",
      "provider": "provider[\"registry.terraform.io/hashicorp/aws\"]",
      "instances": [
        {
          "schema_version": 1,
          "attributes": {
            "arn": "arn:aws:ec2:ap-northeast-1:378331682224:security-group/sg-0806445e7941dd8f7",
            "description": "Allow TLS inbound traffic and all outbound traffic",
            "egress": [
              {
                "cidr_blocks": [
                  "0.0.0.0/0"
                ],
                "description": "",
                "from_port": 0,
                "ipv6_cidr_blocks": [],
                "prefix_list_ids": [],
                "protocol": "-1",
                "security_groups": [],
                "self": false,
                "to_port": 0
              }
            ],
            "id": "sg-0806445e7941dd8f7",
            "ingress": [
              {
                "cidr_blocks": [
                  "0.0.0.0/0"
                ],
                "description": "",
                "from_port": 22,
                "ipv6_cidr_blocks": [],
                "prefix_list_ids": [],
                "protocol": "tcp",
                "security_groups": [],
                "self": false,
                "to_port": 22
              },
              {
                "cidr_blocks": [
                  "0.0.0.0/0"
                ],
                "description": "",
                "from_port": 80,
                "ipv6_cidr_blocks": [],
                "prefix_list_ids": [],
                "protocol": "tcp",
                "security_groups": [],
                "self": false,
                "to_port": 80
              }
            ],
            "name": "tf-sg",
            "name_prefix": "",
            "owner_id": "378331682224",
            "revoke_rules_on_delete": false,
            "tags": null,
            "tags_all": {},
            "timeouts": null,
            "vpc_id": "vpc-05ffce4524d551961"
          },
          "sensitive_attributes": [],
          "private": "eyJlMmJmYjczMC1lY2FhLTExZTYtOGY4OC0zNDM2M2JjN2M0YzAiOnsiY3JlYXRlIjo2MDAwMDAwMDAwMDAsImRlbGV0ZSI6OTAwMDAwMDAwMDAwfSwic2NoZW1hX3ZlcnNpb24iOiIxIn0=",
          "dependencies": [
            "module.vpc.aws_vpc.myvpc"
          ]
        }
      ]
    },
    {
      "module": "module.subnet",
      "mode": "managed",
      "type": "aws_subnet",
      "name": "private_subnets",
      "provider": "provider[\"registry.terraform.io/hashicorp/aws\"]",
      "instances": [
        {
          "index_key": 0,
          "schema_version": 1,
          "attributes": {
            "arn": "arn:aws:ec2:ap-northeast-1:378331682224:subnet/subnet-022aeae1397ab3fc6",
            "assign_ipv6_address_on_creation": false,
            "availability_zone": "ap-northeast-1a",
            "availability_zone_id": "apne1-az4",
            "cidr_block": "10.0.0.0/18",
            "customer_owned_ipv4_pool": "",
            "enable_dns64": false,
            "enable_lni_at_device_index": 0,
            "enable_resource_name_dns_a_record_on_launch": false,
            "enable_resource_name_dns_aaaa_record_on_launch": false,
            "id": "subnet-022aeae1397ab3fc6",
            "ipv6_cidr_block": "",
            "ipv6_cidr_block_association_id": "",
            "ipv6_native": false,
            "map_customer_owned_ip_on_launch": false,
            "map_public_ip_on_launch": false,
            "outpost_arn": "",
            "owner_id": "378331682224",
            "private_dns_hostname_type_on_launch": "ip-name",
            "tags": {
              "Name": "tf-pri-subnet-1"
            },
            "tags_all": {
              "Name": "tf-pri-subnet-1"
            },
            "timeouts": null,
            "vpc_id": "vpc-05ffce4524d551961"
          },
          "sensitive_attributes": [],
          "private": "eyJlMmJmYjczMC1lY2FhLTExZTYtOGY4OC0zNDM2M2JjN2M0YzAiOnsiY3JlYXRlIjo2MDAwMDAwMDAwMDAsImRlbGV0ZSI6MTIwMDAwMDAwMDAwMH0sInNjaGVtYV92ZXJzaW9uIjoiMSJ9",
          "dependencies": [
            "module.vpc.aws_vpc.myvpc"
          ]
        },
        {
          "index_key": 1,
          "schema_version": 1,
          "attributes": {
            "arn": "arn:aws:ec2:ap-northeast-1:378331682224:subnet/subnet-046f701432618e8d4",
            "assign_ipv6_address_on_creation": false,
            "availability_zone": "ap-northeast-1c",
            "availability_zone_id": "apne1-az1",
            "cidr_block": "10.0.64.0/18",
            "customer_owned_ipv4_pool": "",
            "enable_dns64": false,
            "enable_lni_at_device_index": 0,
            "enable_resource_name_dns_a_record_on_launch": false,
            "enable_resource_name_dns_aaaa_record_on_launch": false,
            "id": "subnet-046f701432618e8d4",
            "ipv6_cidr_block": "",
            "ipv6_cidr_block_association_id": "",
            "ipv6_native": false,
            "map_customer_owned_ip_on_launch": false,
            "map_public_ip_on_launch": false,
            "outpost_arn": "",
            "owner_id": "378331682224",
            "private_dns_hostname_type_on_launch": "ip-name",
            "tags": {
              "Name": "tf-pri-subnet-2"
            },
            "tags_all": {
              "Name": "tf-pri-subnet-2"
            },
            "timeouts": null,
            "vpc_id": "vpc-05ffce4524d551961"
          },
          "sensitive_attributes": [],
          "private": "eyJlMmJmYjczMC1lY2FhLTExZTYtOGY4OC0zNDM2M2JjN2M0YzAiOnsiY3JlYXRlIjo2MDAwMDAwMDAwMDAsImRlbGV0ZSI6MTIwMDAwMDAwMDAwMH0sInNjaGVtYV92ZXJzaW9uIjoiMSJ9",
          "dependencies": [
            "module.vpc.aws_vpc.myvpc"
          ]
        }
      ]
    },
    {
      "module": "module.subnet",
      "mode": "managed",
      "type": "aws_subnet",
      "name": "public_subnets",
      "provider": "provider[\"registry.terraform.io/hashicorp/aws\"]",
      "instances": [
        {
          "index_key": 0,
          "schema_version": 1,
          "attributes": {
            "arn": "arn:aws:ec2:ap-northeast-1:378331682224:subnet/subnet-05c08086cc5a2f58f",
            "assign_ipv6_address_on_creation": false,
            "availability_zone": "ap-northeast-1a",
            "availability_zone_id": "apne1-az4",
            "cidr_block": "10.0.128.0/18",
            "customer_owned_ipv4_pool": "",
            "enable_dns64": false,
            "enable_lni_at_device_index": 0,
            "enable_resource_name_dns_a_record_on_launch": false,
            "enable_resource_name_dns_aaaa_record_on_launch": false,
            "id": "subnet-05c08086cc5a2f58f",
            "ipv6_cidr_block": "",
            "ipv6_cidr_block_association_id": "",
            "ipv6_native": false,
            "map_customer_owned_ip_on_launch": false,
            "map_public_ip_on_launch": true,
            "outpost_arn": "",
            "owner_id": "378331682224",
            "private_dns_hostname_type_on_launch": "ip-name",
            "tags": {
              "Name": "tf-pub-subnet-1"
            },
            "tags_all": {
              "Name": "tf-pub-subnet-1"
            },
            "timeouts": null,
            "vpc_id": "vpc-05ffce4524d551961"
          },
          "sensitive_attributes": [],
          "private": "eyJlMmJmYjczMC1lY2FhLTExZTYtOGY4OC0zNDM2M2JjN2M0YzAiOnsiY3JlYXRlIjo2MDAwMDAwMDAwMDAsImRlbGV0ZSI6MTIwMDAwMDAwMDAwMH0sInNjaGVtYV92ZXJzaW9uIjoiMSJ9",
          "dependencies": [
            "module.vpc.aws_vpc.myvpc"
          ]
        },
        {
          "index_key": 1,
          "schema_version": 1,
          "attributes": {
            "arn": "arn:aws:ec2:ap-northeast-1:378331682224:subnet/subnet-05d0621b72eb6456b",
            "assign_ipv6_address_on_creation": false,
            "availability_zone": "ap-northeast-1c",
            "availability_zone_id": "apne1-az1",
            "cidr_block": "10.0.192.0/18",
            "customer_owned_ipv4_pool": "",
            "enable_dns64": false,
            "enable_lni_at_device_index": 0,
            "enable_resource_name_dns_a_record_on_launch": false,
            "enable_resource_name_dns_aaaa_record_on_launch": false,
            "id": "subnet-05d0621b72eb6456b",
            "ipv6_cidr_block": "",
            "ipv6_cidr_block_association_id": "",
            "ipv6_native": false,
            "map_customer_owned_ip_on_launch": false,
            "map_public_ip_on_launch": true,
            "outpost_arn": "",
            "owner_id": "378331682224",
            "private_dns_hostname_type_on_launch": "ip-name",
            "tags": {
              "Name": "tf-pub-subnet-2"
            },
            "tags_all": {
              "Name": "tf-pub-subnet-2"
            },
            "timeouts": null,
            "vpc_id": "vpc-05ffce4524d551961"
          },
          "sensitive_attributes": [],
          "private": "eyJlMmJmYjczMC1lY2FhLTExZTYtOGY4OC0zNDM2M2JjN2M0YzAiOnsiY3JlYXRlIjo2MDAwMDAwMDAwMDAsImRlbGV0ZSI6MTIwMDAwMDAwMDAwMH0sInNjaGVtYV92ZXJzaW9uIjoiMSJ9",
          "dependencies": [
            "module.vpc.aws_vpc.myvpc"
          ]
        }
      ]
    },
    {
      "module": "module.vpc",
      "mode": "managed",
      "type": "aws_vpc",
      "name": "myvpc",
      "provider": "provider[\"registry.terraform.io/hashicorp/aws\"]",
      "instances": [
        {
          "schema_version": 1,
          "attributes": {
            "arn": "arn:aws:ec2:ap-northeast-1:378331682224:vpc/vpc-05ffce4524d551961",
            "assign_generated_ipv6_cidr_block": false,
            "cidr_block": "10.0.0.0/16",
            "default_network_acl_id": "acl-07436ec9086f1fb1d",
            "default_route_table_id": "rtb-0e03bac6e7ad90466",
            "default_security_group_id": "sg-04194fb7e75281a01",
            "dhcp_options_id": "dopt-0d201fa2e4240eff1",
            "enable_dns_hostnames": false,
            "enable_dns_support": true,
            "enable_network_address_usage_metrics": false,
            "id": "vpc-05ffce4524d551961",
            "instance_tenancy": "default",
            "ipv4_ipam_pool_id": null,
            "ipv4_netmask_length": null,
            "ipv6_association_id": "",
            "ipv6_cidr_block": "",
            "ipv6_cidr_block_network_border_group": "",
            "ipv6_ipam_pool_id": "",
            "ipv6_netmask_length": 0,
            "main_route_table_id": "rtb-0e03bac6e7ad90466",
            "owner_id": "378331682224",
            "tags": {
              "Name": "tf-vpc"
            },
            "tags_all": {
              "Name": "tf-vpc"
            }
          },
          "sensitive_attributes": [],
          "private": "eyJzY2hlbWFfdmVyc2lvbiI6IjEifQ=="
        }
      ]
    }
  ],
  "check_results": null
}
