{
  "version": 4,
  "terraform_version": "1.7.1",
  "serial": 117,
  "lineage": "e2c60576-5e6a-912f-2c26-96cee510bd36",
  "outputs": {
    "eip_id": {
      "value": "eipalloc-0dc23366d1bfbcb85",
      "type": "string"
    },
    "igw_id": {
      "value": "igw-0e5f8352d472446ce",
      "type": "string"
    },
    "nat_id": {
      "value": "nat-0e359437f1f3e400d",
      "type": "string"
    },
    "pri_subnets": {
      "value": [
        "subnet-05618ae62eea6be53",
        "subnet-0f0d7cb3f7a0e4856"
      ],
      "type": [
        "tuple",
        [
          "string",
          "string"
        ]
      ]
    },
    "pub_subnets": {
      "value": [
        "subnet-0669598ca5ed8f82f",
        "subnet-07020766f9c861e1a"
      ],
      "type": [
        "tuple",
        [
          "string",
          "string"
        ]
      ]
    },
    "vpc_id": {
      "value": "vpc-04938f6b19bf08c92",
      "type": "string"
    }
  },
  "resources": [
    {
      "module": "module.ami_image",
      "mode": "data",
      "type": "aws_ami",
      "name": "images",
      "provider": "provider[\"registry.terraform.io/hashicorp/aws\"]",
      "instances": [
        {
          "schema_version": 0,
          "attributes": {
            "architecture": "x86_64",
            "arn": "arn:aws:ec2:ap-northeast-1::image/ami-01073d8de60cb1dfa",
            "block_device_mappings": [
              {
                "device_name": "/dev/sda1",
                "ebs": {
                  "delete_on_termination": "true",
                  "encrypted": "false",
                  "iops": "0",
                  "snapshot_id": "snap-025cabfbc0a515e3a",
                  "throughput": "0",
                  "volume_size": "8",
                  "volume_type": "gp2"
                },
                "no_device": "",
                "virtual_name": ""
              },
              {
                "device_name": "/dev/sdb",
                "ebs": {},
                "no_device": "",
                "virtual_name": "ephemeral0"
              },
              {
                "device_name": "/dev/sdc",
                "ebs": {},
                "no_device": "",
                "virtual_name": "ephemeral1"
              }
            ],
            "boot_mode": "legacy-bios",
            "creation_date": "2024-01-26T22:10:23.000Z",
            "deprecation_time": "2026-01-26T22:10:23.000Z",
            "description": "Canonical, Ubuntu, 20.04 LTS, amd64 focal image build on 2024-01-26",
            "ena_support": true,
            "executable_users": null,
            "filter": [
              {
                "name": "name",
                "values": [
                  "ubuntu/images/hvm-ssd/ubuntu-focal-20.04-amd64-server-*"
                ]
              },
              {
                "name": "virtualization-type",
                "values": [
                  "hvm"
                ]
              }
            ],
            "hypervisor": "xen",
            "id": "ami-01073d8de60cb1dfa",
            "image_id": "ami-01073d8de60cb1dfa",
            "image_location": "amazon/ubuntu/images/hvm-ssd/ubuntu-focal-20.04-amd64-server-20240126",
            "image_owner_alias": "amazon",
            "image_type": "machine",
            "imds_support": "",
            "include_deprecated": false,
            "kernel_id": "",
            "most_recent": true,
            "name": "ubuntu/images/hvm-ssd/ubuntu-focal-20.04-amd64-server-20240126",
            "name_regex": null,
            "owner_id": "099720109477",
            "owners": [
              "099720109477"
            ],
            "platform": "",
            "platform_details": "Linux/UNIX",
            "product_codes": [],
            "public": true,
            "ramdisk_id": "",
            "root_device_name": "/dev/sda1",
            "root_device_type": "ebs",
            "root_snapshot_id": "snap-025cabfbc0a515e3a",
            "sriov_net_support": "simple",
            "state": "available",
            "state_reason": {
              "code": "UNSET",
              "message": "UNSET"
            },
            "tags": {},
            "timeouts": null,
            "tpm_support": "",
            "usage_operation": "RunInstances",
            "virtualization_type": "hvm"
          },
          "sensitive_attributes": []
        }
      ]
    },
    {
      "module": "module.igw",
      "mode": "managed",
      "type": "aws_internet_gateway",
      "name": "myigw",
      "provider": "provider[\"registry.terraform.io/hashicorp/aws\"]",
      "instances": [
        {
          "schema_version": 0,
          "attributes": {
            "arn": "arn:aws:ec2:ap-northeast-1:378331682224:internet-gateway/igw-0e5f8352d472446ce",
            "id": "igw-0e5f8352d472446ce",
            "owner_id": "378331682224",
            "tags": {
              "Name": "tf-igw"
            },
            "tags_all": {
              "Name": "tf-igw"
            },
            "timeouts": null,
            "vpc_id": "vpc-04938f6b19bf08c92"
          },
          "sensitive_attributes": [],
          "private": "eyJlMmJmYjczMC1lY2FhLTExZTYtOGY4OC0zNDM2M2JjN2M0YzAiOnsiY3JlYXRlIjoxMjAwMDAwMDAwMDAwLCJkZWxldGUiOjEyMDAwMDAwMDAwMDAsInVwZGF0ZSI6MTIwMDAwMDAwMDAwMH19",
          "dependencies": [
            "module.vpc.aws_vpc.myvpc"
          ]
        }
      ]
    },
    {
      "module": "module.instance_launch",
      "mode": "managed",
      "type": "aws_instance",
      "name": "private_instance",
      "provider": "provider[\"registry.terraform.io/hashicorp/aws\"]",
      "instances": [
        {
          "index_key": 0,
          "schema_version": 1,
          "attributes": {
            "ami": "ami-01073d8de60cb1dfa",
            "arn": "arn:aws:ec2:ap-northeast-1:378331682224:instance/i-099bc010cfa3370d6",
            "associate_public_ip_address": false,
            "availability_zone": "ap-northeast-1a",
            "capacity_reservation_specification": [
              {
                "capacity_reservation_preference": "open",
                "capacity_reservation_target": []
              }
            ],
            "cpu_core_count": 1,
            "cpu_options": [
              {
                "amd_sev_snp": "",
                "core_count": 1,
                "threads_per_core": 1
              }
            ],
            "cpu_threads_per_core": 1,
            "credit_specification": [
              {
                "cpu_credits": "standard"
              }
            ],
            "disable_api_stop": false,
            "disable_api_termination": false,
            "ebs_block_device": [],
            "ebs_optimized": false,
            "enclave_options": [
              {
                "enabled": false
              }
            ],
            "ephemeral_block_device": [],
            "get_password_data": false,
            "hibernation": false,
            "host_id": "",
            "host_resource_group_arn": null,
            "iam_instance_profile": "",
            "id": "i-099bc010cfa3370d6",
            "instance_initiated_shutdown_behavior": "stop",
            "instance_lifecycle": "",
            "instance_market_options": [],
            "instance_state": "running",
            "instance_type": "t2.micro",
            "ipv6_address_count": 0,
            "ipv6_addresses": [],
            "key_name": "tokyo_key",
            "launch_template": [],
            "maintenance_options": [
              {
                "auto_recovery": "default"
              }
            ],
            "metadata_options": [
              {
                "http_endpoint": "enabled",
                "http_protocol_ipv6": "disabled",
                "http_put_response_hop_limit": 1,
                "http_tokens": "optional",
                "instance_metadata_tags": "disabled"
              }
            ],
            "monitoring": false,
            "network_interface": [],
            "outpost_arn": "",
            "password_data": "",
            "placement_group": "",
            "placement_partition_number": 0,
            "primary_network_interface_id": "eni-05040496cfd29f787",
            "private_dns": "ip-10-0-8-168.ap-northeast-1.compute.internal",
            "private_dns_name_options": [
              {
                "enable_resource_name_dns_a_record": false,
                "enable_resource_name_dns_aaaa_record": false,
                "hostname_type": "ip-name"
              }
            ],
            "private_ip": "10.0.8.168",
            "public_dns": "",
            "public_ip": "",
            "root_block_device": [
              {
                "delete_on_termination": true,
                "device_name": "/dev/sda1",
                "encrypted": false,
                "iops": 100,
                "kms_key_id": "",
                "tags": {},
                "throughput": 0,
                "volume_id": "vol-08f24449436972c78",
                "volume_size": 8,
                "volume_type": "gp2"
              }
            ],
            "secondary_private_ips": [],
            "security_groups": [
              "sg-0d4cbe61602718065"
            ],
            "source_dest_check": true,
            "spot_instance_request_id": "",
            "subnet_id": "subnet-05618ae62eea6be53",
            "tags": {
              "Name": "tf-private-1",
              "count": "2"
            },
            "tags_all": {
              "Name": "tf-private-1",
              "count": "2"
            },
            "tenancy": "default",
            "timeouts": null,
            "user_data": null,
            "user_data_base64": null,
            "user_data_replace_on_change": false,
            "volume_tags": null,
            "vpc_security_group_ids": [
              "sg-0d4cbe61602718065"
            ]
          },
          "sensitive_attributes": [],
          "private": "eyJlMmJmYjczMC1lY2FhLTExZTYtOGY4OC0zNDM2M2JjN2M0YzAiOnsiY3JlYXRlIjo2MDAwMDAwMDAwMDAsImRlbGV0ZSI6MTIwMDAwMDAwMDAwMCwidXBkYXRlIjo2MDAwMDAwMDAwMDB9LCJzY2hlbWFfdmVyc2lvbiI6IjEifQ==",
          "dependencies": [
            "module.ami_image.data.aws_ami.images",
            "module.sec_groups.aws_security_group.my_security_group",
            "module.subnet.aws_subnet.private_subnets",
            "module.vpc.aws_vpc.myvpc"
          ]
        },
        {
          "index_key": 1,
          "schema_version": 1,
          "attributes": {
            "ami": "ami-01073d8de60cb1dfa",
            "arn": "arn:aws:ec2:ap-northeast-1:378331682224:instance/i-08528bcbb719e86c9",
            "associate_public_ip_address": false,
            "availability_zone": "ap-northeast-1c",
            "capacity_reservation_specification": [
              {
                "capacity_reservation_preference": "open",
                "capacity_reservation_target": []
              }
            ],
            "cpu_core_count": 1,
            "cpu_options": [
              {
                "amd_sev_snp": "",
                "core_count": 1,
                "threads_per_core": 1
              }
            ],
            "cpu_threads_per_core": 1,
            "credit_specification": [
              {
                "cpu_credits": "standard"
              }
            ],
            "disable_api_stop": false,
            "disable_api_termination": false,
            "ebs_block_device": [],
            "ebs_optimized": false,
            "enclave_options": [
              {
                "enabled": false
              }
            ],
            "ephemeral_block_device": [],
            "get_password_data": false,
            "hibernation": false,
            "host_id": "",
            "host_resource_group_arn": null,
            "iam_instance_profile": "",
            "id": "i-08528bcbb719e86c9",
            "instance_initiated_shutdown_behavior": "stop",
            "instance_lifecycle": "",
            "instance_market_options": [],
            "instance_state": "running",
            "instance_type": "t2.micro",
            "ipv6_address_count": 0,
            "ipv6_addresses": [],
            "key_name": "tokyo_key",
            "launch_template": [],
            "maintenance_options": [
              {
                "auto_recovery": "default"
              }
            ],
            "metadata_options": [
              {
                "http_endpoint": "enabled",
                "http_protocol_ipv6": "disabled",
                "http_put_response_hop_limit": 1,
                "http_tokens": "optional",
                "instance_metadata_tags": "disabled"
              }
            ],
            "monitoring": false,
            "network_interface": [],
            "outpost_arn": "",
            "password_data": "",
            "placement_group": "",
            "placement_partition_number": 0,
            "primary_network_interface_id": "eni-048a76ce2ef1798c1",
            "private_dns": "ip-10-0-80-141.ap-northeast-1.compute.internal",
            "private_dns_name_options": [
              {
                "enable_resource_name_dns_a_record": false,
                "enable_resource_name_dns_aaaa_record": false,
                "hostname_type": "ip-name"
              }
            ],
            "private_ip": "10.0.80.141",
            "public_dns": "",
            "public_ip": "",
            "root_block_device": [
              {
                "delete_on_termination": true,
                "device_name": "/dev/sda1",
                "encrypted": false,
                "iops": 100,
                "kms_key_id": "",
                "tags": {},
                "throughput": 0,
                "volume_id": "vol-067031688329fb630",
                "volume_size": 8,
                "volume_type": "gp2"
              }
            ],
            "secondary_private_ips": [],
            "security_groups": [
              "sg-0d4cbe61602718065"
            ],
            "source_dest_check": true,
            "spot_instance_request_id": "",
            "subnet_id": "subnet-0f0d7cb3f7a0e4856",
            "tags": {
              "Name": "tf-private-2",
              "count": "2"
            },
            "tags_all": {
              "Name": "tf-private-2",
              "count": "2"
            },
            "tenancy": "default",
            "timeouts": null,
            "user_data": null,
            "user_data_base64": null,
            "user_data_replace_on_change": false,
            "volume_tags": null,
            "vpc_security_group_ids": [
              "sg-0d4cbe61602718065"
            ]
          },
          "sensitive_attributes": [],
          "private": "eyJlMmJmYjczMC1lY2FhLTExZTYtOGY4OC0zNDM2M2JjN2M0YzAiOnsiY3JlYXRlIjo2MDAwMDAwMDAwMDAsImRlbGV0ZSI6MTIwMDAwMDAwMDAwMCwidXBkYXRlIjo2MDAwMDAwMDAwMDB9LCJzY2hlbWFfdmVyc2lvbiI6IjEifQ==",
          "dependencies": [
            "module.ami_image.data.aws_ami.images",
            "module.sec_groups.aws_security_group.my_security_group",
            "module.subnet.aws_subnet.private_subnets",
            "module.vpc.aws_vpc.myvpc"
          ]
        }
      ]
    },
    {
      "module": "module.instance_launch",
      "mode": "managed",
      "type": "aws_instance",
      "name": "public_instance",
      "provider": "provider[\"registry.terraform.io/hashicorp/aws\"]",
      "instances": [
        {
          "index_key": 0,
          "schema_version": 1,
          "attributes": {
            "ami": "ami-01073d8de60cb1dfa",
            "arn": "arn:aws:ec2:ap-northeast-1:378331682224:instance/i-0b6faa6d623cbfa9e",
            "associate_public_ip_address": true,
            "availability_zone": "ap-northeast-1a",
            "capacity_reservation_specification": [
              {
                "capacity_reservation_preference": "open",
                "capacity_reservation_target": []
              }
            ],
            "cpu_core_count": 1,
            "cpu_options": [
              {
                "amd_sev_snp": "",
                "core_count": 1,
                "threads_per_core": 1
              }
            ],
            "cpu_threads_per_core": 1,
            "credit_specification": [
              {
                "cpu_credits": "standard"
              }
            ],
            "disable_api_stop": false,
            "disable_api_termination": false,
            "ebs_block_device": [],
            "ebs_optimized": false,
            "enclave_options": [
              {
                "enabled": false
              }
            ],
            "ephemeral_block_device": [],
            "get_password_data": false,
            "hibernation": false,
            "host_id": "",
            "host_resource_group_arn": null,
            "iam_instance_profile": "",
            "id": "i-0b6faa6d623cbfa9e",
            "instance_initiated_shutdown_behavior": "stop",
            "instance_lifecycle": "",
            "instance_market_options": [],
            "instance_state": "running",
            "instance_type": "t2.micro",
            "ipv6_address_count": 0,
            "ipv6_addresses": [],
            "key_name": "tokyo_key",
            "launch_template": [],
            "maintenance_options": [
              {
                "auto_recovery": "default"
              }
            ],
            "metadata_options": [
              {
                "http_endpoint": "enabled",
                "http_protocol_ipv6": "disabled",
                "http_put_response_hop_limit": 1,
                "http_tokens": "optional",
                "instance_metadata_tags": "disabled"
              }
            ],
            "monitoring": false,
            "network_interface": [],
            "outpost_arn": "",
            "password_data": "",
            "placement_group": "",
            "placement_partition_number": 0,
            "primary_network_interface_id": "eni-0a49762903901c833",
            "private_dns": "ip-10-0-181-217.ap-northeast-1.compute.internal",
            "private_dns_name_options": [
              {
                "enable_resource_name_dns_a_record": false,
                "enable_resource_name_dns_aaaa_record": false,
                "hostname_type": "ip-name"
              }
            ],
            "private_ip": "10.0.181.217",
            "public_dns": "",
            "public_ip": "13.115.29.123",
            "root_block_device": [
              {
                "delete_on_termination": true,
                "device_name": "/dev/sda1",
                "encrypted": false,
                "iops": 100,
                "kms_key_id": "",
                "tags": {},
                "throughput": 0,
                "volume_id": "vol-0980b1e625eef1804",
                "volume_size": 8,
                "volume_type": "gp2"
              }
            ],
            "secondary_private_ips": [],
            "security_groups": [
              "sg-0d4cbe61602718065"
            ],
            "source_dest_check": true,
            "spot_instance_request_id": "",
            "subnet_id": "subnet-0669598ca5ed8f82f",
            "tags": {
              "Name": "tf-public-1",
              "count": "2"
            },
            "tags_all": {
              "Name": "tf-public-1",
              "count": "2"
            },
            "tenancy": "default",
            "timeouts": null,
            "user_data": null,
            "user_data_base64": null,
            "user_data_replace_on_change": false,
            "volume_tags": null,
            "vpc_security_group_ids": [
              "sg-0d4cbe61602718065"
            ]
          },
          "sensitive_attributes": [],
          "private": "eyJlMmJmYjczMC1lY2FhLTExZTYtOGY4OC0zNDM2M2JjN2M0YzAiOnsiY3JlYXRlIjo2MDAwMDAwMDAwMDAsImRlbGV0ZSI6MTIwMDAwMDAwMDAwMCwidXBkYXRlIjo2MDAwMDAwMDAwMDB9LCJzY2hlbWFfdmVyc2lvbiI6IjEifQ==",
          "dependencies": [
            "module.ami_image.data.aws_ami.images",
            "module.sec_groups.aws_security_group.my_security_group",
            "module.subnet.aws_subnet.public_subnets",
            "module.vpc.aws_vpc.myvpc"
          ]
        },
        {
          "index_key": 1,
          "schema_version": 1,
          "attributes": {
            "ami": "ami-01073d8de60cb1dfa",
            "arn": "arn:aws:ec2:ap-northeast-1:378331682224:instance/i-0dd8c96356dc2cb34",
            "associate_public_ip_address": true,
            "availability_zone": "ap-northeast-1c",
            "capacity_reservation_specification": [
              {
                "capacity_reservation_preference": "open",
                "capacity_reservation_target": []
              }
            ],
            "cpu_core_count": 1,
            "cpu_options": [
              {
                "amd_sev_snp": "",
                "core_count": 1,
                "threads_per_core": 1
              }
            ],
            "cpu_threads_per_core": 1,
            "credit_specification": [
              {
                "cpu_credits": "standard"
              }
            ],
            "disable_api_stop": false,
            "disable_api_termination": false,
            "ebs_block_device": [],
            "ebs_optimized": false,
            "enclave_options": [
              {
                "enabled": false
              }
            ],
            "ephemeral_block_device": [],
            "get_password_data": false,
            "hibernation": false,
            "host_id": "",
            "host_resource_group_arn": null,
            "iam_instance_profile": "",
            "id": "i-0dd8c96356dc2cb34",
            "instance_initiated_shutdown_behavior": "stop",
            "instance_lifecycle": "",
            "instance_market_options": [],
            "instance_state": "running",
            "instance_type": "t2.micro",
            "ipv6_address_count": 0,
            "ipv6_addresses": [],
            "key_name": "tokyo_key",
            "launch_template": [],
            "maintenance_options": [
              {
                "auto_recovery": "default"
              }
            ],
            "metadata_options": [
              {
                "http_endpoint": "enabled",
                "http_protocol_ipv6": "disabled",
                "http_put_response_hop_limit": 1,
                "http_tokens": "optional",
                "instance_metadata_tags": "disabled"
              }
            ],
            "monitoring": false,
            "network_interface": [],
            "outpost_arn": "",
            "password_data": "",
            "placement_group": "",
            "placement_partition_number": 0,
            "primary_network_interface_id": "eni-00795dd96e96b9db8",
            "private_dns": "ip-10-0-209-55.ap-northeast-1.compute.internal",
            "private_dns_name_options": [
              {
                "enable_resource_name_dns_a_record": false,
                "enable_resource_name_dns_aaaa_record": false,
                "hostname_type": "ip-name"
              }
            ],
            "private_ip": "10.0.209.55",
            "public_dns": "",
            "public_ip": "18.182.45.13",
            "root_block_device": [
              {
                "delete_on_termination": true,
                "device_name": "/dev/sda1",
                "encrypted": false,
                "iops": 100,
                "kms_key_id": "",
                "tags": {},
                "throughput": 0,
                "volume_id": "vol-04c6c2f880a6f55db",
                "volume_size": 8,
                "volume_type": "gp2"
              }
            ],
            "secondary_private_ips": [],
            "security_groups": [
              "sg-0d4cbe61602718065"
            ],
            "source_dest_check": true,
            "spot_instance_request_id": "",
            "subnet_id": "subnet-07020766f9c861e1a",
            "tags": {
              "Name": "tf-public-2",
              "count": "2"
            },
            "tags_all": {
              "Name": "tf-public-2",
              "count": "2"
            },
            "tenancy": "default",
            "timeouts": null,
            "user_data": null,
            "user_data_base64": null,
            "user_data_replace_on_change": false,
            "volume_tags": null,
            "vpc_security_group_ids": [
              "sg-0d4cbe61602718065"
            ]
          },
          "sensitive_attributes": [],
          "private": "eyJlMmJmYjczMC1lY2FhLTExZTYtOGY4OC0zNDM2M2JjN2M0YzAiOnsiY3JlYXRlIjo2MDAwMDAwMDAwMDAsImRlbGV0ZSI6MTIwMDAwMDAwMDAwMCwidXBkYXRlIjo2MDAwMDAwMDAwMDB9LCJzY2hlbWFfdmVyc2lvbiI6IjEifQ==",
          "dependencies": [
            "module.ami_image.data.aws_ami.images",
            "module.sec_groups.aws_security_group.my_security_group",
            "module.subnet.aws_subnet.public_subnets",
            "module.vpc.aws_vpc.myvpc"
          ]
        }
      ]
    },
    {
      "module": "module.key_pair",
      "mode": "managed",
      "type": "aws_key_pair",
      "name": "public_key_pair",
      "provider": "provider[\"registry.terraform.io/hashicorp/aws\"]",
      "instances": [
        {
          "schema_version": 1,
          "attributes": {
            "arn": "arn:aws:ec2:ap-northeast-1:378331682224:key-pair/tokyo_key",
            "fingerprint": "36:22:dd:29:22:80:20:c4:9c:f4:b5:31:e1:24:6d:56",
            "id": "tokyo_key",
            "key_name": "tokyo_key",
            "key_name_prefix": "",
            "key_pair_id": "key-04083a504fdf7b4a0",
            "key_type": "rsa",
            "public_key": "ssh-rsa AAAAB3NzaC1yc2EAAAADAQABAAACAQD2R0HNAUTqrEnZDrZ+n5WyJUPQinCPixG98Y2+5Bk1cvYlhfP1PFOR3o2Xj1uhQueAqSOwXv0CiStFvz5wEQqTGhfRQqWR9FYVIYPn001E+SP9ZDTsQu2A2nYzwdzg+YV0XSB8NjsUsaIA58dJb35fYeEYuBD+Th2qzqLD17e5DKG7s698IO6WydWGQ60t/KUI50JGW3wFhsK0lVQDZ9FgNziV3sAZeEfVElhrp8YKvlGCFg5ULG7YOsRN2QQSNMAzL2Vu7KJGcewUWwX+vKvVToKT5hcySNfh871vFhoMsLWPeVBfqK+gGRD0pC1L+qhQCh5mBxitbiHk1W0/GLQluUDrplHcxMU5dCn2DsukauqP7KlGvb/LQd3xnUitgMkYkfIRjymii75BDqHc2Sko5fat/goNPtYeIOQqpSHY9vZpIWXVqbnuas5rf5w/rHIR4hNIi0NhBwLskRi6QElxQkffVrhFD0K3IEeRj8H0i2fx9DKYPcCDs4ZvA3dsSk1s5+ifCUtcUHMKwTyFXoNFaUk/j6F8waGpvYG4V29mL1guA9tVaqoupOz4WLDJWWFCXKJDMSyg/L+gOeD3S4azVlIiwTokJa5OdCfmRcKp3LNryz2F3+sNWEKOl3ecQmseo4HH2OSbjC2wnlpkNXRJWVAunzWT/3V9GWAFJESicQ==",
            "tags": null,
            "tags_all": {}
          },
          "sensitive_attributes": [],
          "private": "eyJzY2hlbWFfdmVyc2lvbiI6IjEifQ==",
          "dependencies": [
            "module.key_pair.tls_private_key.private_key"
          ]
        }
      ]
    },
    {
      "module": "module.key_pair",
      "mode": "managed",
      "type": "local_file",
      "name": "private_key_file",
      "provider": "provider[\"registry.terraform.io/hashicorp/local\"]",
      "instances": [
        {
          "schema_version": 0,
          "attributes": {
            "content": "-----BEGIN RSA PRIVATE KEY-----\nMIIJKQIBAAKCAgEA9kdBzQFE6qxJ2Q62fp+VsiVD0Ipwj4sRvfGNvuQZNXL2JYXz\n9TxTkd6Nl49boULngKkjsF79AokrRb8+cBEKkxoX0UKlkfRWFSGD59NNRPkj/WQ0\n7ELtgNp2M8Hc4PmFdF0gfDY7FLGiAOfHSW9+X2HhGLgQ/k4dqs6iw9e3uQyhu7Ov\nfCDulsnVhkOtLfylCOdCRlt8BYbCtJVUA2fRYDc4ld7AGXhH1RJYa6fGCr5RghYO\nVCxu2DrETdkEEjTAMy9lbuyiRnHsFFsF/ryr1U6Ck+YXMkjX4fO9bxYaDLC1j3lQ\nX6ivoBkQ9KQtS/qoUAoeZgcYrW4h5NVtPxi0JblA66ZR3MTFOXQp9g7LpGrqj+yp\nRr2/y0Hd8Z1IrYDJGJHyEY8poou+QQ6h3NkpKOX2rf4KDT7WHiDkKqUh2Pb2aSFl\n1am57mrOa3+cP6xyEeITSItDYQcC7JEYukBJcUJH31a4RQ9CtyBHkY/B9Itn8fQy\nmD3Ag7OGbwN3bEpNbOfonwlLXFBzCsE8hV6DRWlJP4+hfMGhqb2BuFdvZi9YLgPb\nVWqqLqTs+FiwyVlhQlyiQzEsoPy/oDng90uGs1ZSIsE6JCWuTnQn5kXCqdyza8s9\nhd/rDVhCjpd3nEJrHqOBx9jkm4wtsJ5aZDV0SVlQLp81k/91fRlgBSREonECAwEA\nAQKCAgEAz+7n4pPQwSaID0i50n0g4dFOyXMpiDiN2UZqPCLQGe2fX50SlhrCIGW8\nPJugbK5VUa783/vDOPHhZDkNGYd52ytrspXHv0yBpcOvX/tqwPJtbZK+kEAN0P4i\nUJ68xAJIqC+8rsMG7PjxZDxNaXZGR3gXmkxGpMAFkmJ20E2A5C+DGjyizHXtm8h7\njKn1PN+T48mFjmvNcckO+XMfBOURxV+6WedBX//K/l5H41U7A3Ue0muW24DMcapk\ndanmIw0AvfaleJs4g6vJ/IHBtQtNNYLdAsyBB0azZyXo6jLJ+a71DFcMAkglSFIB\nm9xGFmFi3Hk+ozwYnM1gtplwbJaJ+avIJcdxXiwxlatQVmjxNg16DxO1Dc0OKvII\nhP/9zkXQIVNBYpy5cpPI9Di2gaf0mXrL1wbMpP7c0TXSqevNDg19rQKuaeoFqOIh\nknzOJ16+4zfPjmykMCJWx1pJp7Y2mBI3xn1Z3HNBJqlT8f7Y+c8ykTWl/+OLx1CK\nhCOyLLHlbh9PlfQuzuzbx3VZFfOCbSfsZzr7k31Faro/irAVZknEPLngTpnMTwUL\nxuu8zztY8lKQNYA7TsSIJ3HBkXfdgOtRS1FmlS4R0csFC8wrGGokuS1YYq8sjicd\neIdhD5iWvLWaC2wiR+nHA4DC3lqQG2rlNqNcYakXtAKAyvyqwDECggEBAPu7h+2A\n1Xpl+r9cCRWFnAjuXlm4OmJws9yNMtyzJ7OXaELjvioWH2fKNmw9gI6bu7O4mYr1\nYnYZAQNy+tyqUWg0WCnWNC5P1IGBHG/fLXB/jA+TSNBVMbERPlvHtDMTlL2999QH\n9H4QrUcTA5HlKLwh4JnIXFAD0GssrSOtCjoxvOmna/kawTpx33/aPSPi4g9BeOlH\n3K9S2vfpCmlVZJCN5fJUwCyMY7NeWqX/MwqJYKn9G4Bsby1emucZ6iYjYmn4GtgJ\nxGJNfDDeV6v6Y/9Lf1jtBldPfrRsFGYQqgDByYw4AIt4ruV+AlA/7vVLapSS+bNE\n1/XfgdY+vvj8hdUCggEBAPp0DlKY4fTXqj3Dfn7UWE68/O4DqcA36sWcJMKnLSGT\nWX14fv6puaUCC8iEFAzl6DDaYi59QDk0vK+SYOtZ4PVQ0f5ejex4bOcvgHia8ML8\nRWFzoZHvvY68NC2yUdSIsFzq8n5JirQjC1TT/iYntLfDuPnkAIHvj3n1BBoe1YD9\niUi/c6Q3h/5pHdCSl02PqPvpA3DQD/cGjhzrxbLFQEpgajY1l+JHtJKZMnF+QrEg\n6IrxQIFPqKSx6Ba04cUxdPqJIEaP55mPGLiYBh3xws7U7Fu6z6hxFFf9/VQBgUrC\no12gZEoFv0h2bR0Xvw9zCcpnVyVlrxcX+jTYGmserC0CggEALuZHctZX74/kYZaS\nErJr2bYfWfPa3NBGkka0PS4brXf98shfe5PXkgy4iv4CX49gLyGraZpCF+Kcr7nS\nRx5sQE/QRSslWaOB4gbd93HLE3SP8a7tF/NnaKffyFWymvmA8sDb1WMOCBavUdiX\nB618I2DkaYJMwJOVVwJh1427pA/0NEv+79AuQ+dHTpioX3E70L/P+RZsZTW4mguO\n5wUD0XK+bqGflC0rvhVMKjUbm1Dw83q2jvyk0f0YOwo295gME9YnmixnrDDnfGtQ\nRjhGPSAhv72ZOtcSsiaYvlNIeQ+hr0AXyeRYIWWSpMTkjkrYtomTf/TJj4Nuuy3B\ngr35aQKCAQBIkz7fQnwfxisH8NGEESZx0qP8mMUk9U8r6j5gxa73Tsqc6EDsrOQl\n47zkYxmoTysElRPkYtksepK+0c0SBh6BF+VyL5Yy0wbDy2kQCd4AsresMKS+NFma\ntgDsyQKbcuygUFjqrYbrAkizUScRiWn94lKE30QiYvgRoCWLKCo4Ub/pe8kX6huX\nZoCEQyZjDGEsdm5Pz4sAyz59NPk5/5zMsLm2cbtMj/jMjmYmqy7KQz3/nT9S+XFm\nIEOf6NSPnvBF9VyL9gFn5yaDv1HudXM9GkhPoIeySOpbQTeak0ETF+ndJLBLHvU6\nG08tIgd0g6Jvq5h+NsQRDhqsG380UVQVAoIBAQDCti/9ordIgIAFad/Z6uBcZXMG\n3VxhDYTtm2sbn72B9BLrtGJmNKoJJczcxBFUlnlfOXj4+SPn9tzFVbEsX5eDelV0\ni1z/QL4cjbUCv27kVmeZ6iyTeVLyLmP126oqOhdIOeYYgDqfU03l/y9PZHFmt5ZP\nFb6FtSxjsBDcBRBd7Dfs+HeSWu+Fyy7CoZ51q9rzSUtuFrPDlcLHPNc6V8jlqpw/\nlziwqPBpWn/FPfTuRtkhOpktDbp3XLKx3aFj5kmMKItoSEIGG8dfzG5kIL6ke98R\n4S0DTFgX46kU9VkLqfV1OEoG/DevtUXPjzhlYv817yT09QlmEN5/H4l2z9oC\n-----END RSA PRIVATE KEY-----\n",
            "content_base64": null,
            "content_base64sha256": "pjNeFeQjVGRm6xLbOqVHVAoDl7/4DnSbUxjl65iLOyg=",
            "content_base64sha512": "xomg7EmdfbeRT/XH8HelSk7eMUicpyxQxTCdRqy+TrRTnt8wtF55VB/D3c2RpdwywxoXT8qXqFTanWrd03LvjQ==",
            "content_md5": "979a69417708048c47b94abf416c7d17",
            "content_sha1": "ea9c658d59d5a37468ee474eda2e1327aff4edf9",
            "content_sha256": "a6335e15e423546466eb12db3aa547540a0397bff80e749b5318e5eb988b3b28",
            "content_sha512": "c689a0ec499d7db7914ff5c7f077a54a4ede31489ca72c50c5309d46acbe4eb4539edf30b45e79541fc3ddcd91a5dc32c31a174fca97a854da9d6addd372ef8d",
            "directory_permission": "0777",
            "file_permission": "0777",
            "filename": "tokyo_key.pem",
            "id": "ea9c658d59d5a37468ee474eda2e1327aff4edf9",
            "sensitive_content": null,
            "source": null
          },
          "sensitive_attributes": [
            [
              {
                "type": "get_attr",
                "value": "content"
              }
            ]
          ],
          "dependencies": [
            "module.key_pair.tls_private_key.private_key"
          ]
        }
      ]
    },
    {
      "module": "module.key_pair",
      "mode": "managed",
      "type": "tls_private_key",
      "name": "private_key",
      "provider": "provider[\"registry.terraform.io/hashicorp/tls\"]",
      "instances": [
        {
          "schema_version": 1,
          "attributes": {
            "algorithm": "RSA",
            "ecdsa_curve": "P224",
            "id": "826ebc96313bff934613b7b9f358b9aea4415898",
            "private_key_openssh": "-----BEGIN OPENSSH PRIVATE KEY-----\nb3BlbnNzaC1rZXktdjEAAAAABG5vbmUAAAAEbm9uZQAAAAAAAAABAAACFwAAAAdz\nc2gtcnNhAAAAAwEAAQAAAgEA9kdBzQFE6qxJ2Q62fp+VsiVD0Ipwj4sRvfGNvuQZ\nNXL2JYXz9TxTkd6Nl49boULngKkjsF79AokrRb8+cBEKkxoX0UKlkfRWFSGD59NN\nRPkj/WQ07ELtgNp2M8Hc4PmFdF0gfDY7FLGiAOfHSW9+X2HhGLgQ/k4dqs6iw9e3\nuQyhu7OvfCDulsnVhkOtLfylCOdCRlt8BYbCtJVUA2fRYDc4ld7AGXhH1RJYa6fG\nCr5RghYOVCxu2DrETdkEEjTAMy9lbuyiRnHsFFsF/ryr1U6Ck+YXMkjX4fO9bxYa\nDLC1j3lQX6ivoBkQ9KQtS/qoUAoeZgcYrW4h5NVtPxi0JblA66ZR3MTFOXQp9g7L\npGrqj+ypRr2/y0Hd8Z1IrYDJGJHyEY8poou+QQ6h3NkpKOX2rf4KDT7WHiDkKqUh\n2Pb2aSFl1am57mrOa3+cP6xyEeITSItDYQcC7JEYukBJcUJH31a4RQ9CtyBHkY/B\n9Itn8fQymD3Ag7OGbwN3bEpNbOfonwlLXFBzCsE8hV6DRWlJP4+hfMGhqb2BuFdv\nZi9YLgPbVWqqLqTs+FiwyVlhQlyiQzEsoPy/oDng90uGs1ZSIsE6JCWuTnQn5kXC\nqdyza8s9hd/rDVhCjpd3nEJrHqOBx9jkm4wtsJ5aZDV0SVlQLp81k/91fRlgBSRE\nonEAAAc4Kfi7JCn4uyQAAAAHc3NoLXJzYQAAAgEA9kdBzQFE6qxJ2Q62fp+VsiVD\n0Ipwj4sRvfGNvuQZNXL2JYXz9TxTkd6Nl49boULngKkjsF79AokrRb8+cBEKkxoX\n0UKlkfRWFSGD59NNRPkj/WQ07ELtgNp2M8Hc4PmFdF0gfDY7FLGiAOfHSW9+X2Hh\nGLgQ/k4dqs6iw9e3uQyhu7OvfCDulsnVhkOtLfylCOdCRlt8BYbCtJVUA2fRYDc4\nld7AGXhH1RJYa6fGCr5RghYOVCxu2DrETdkEEjTAMy9lbuyiRnHsFFsF/ryr1U6C\nk+YXMkjX4fO9bxYaDLC1j3lQX6ivoBkQ9KQtS/qoUAoeZgcYrW4h5NVtPxi0JblA\n66ZR3MTFOXQp9g7LpGrqj+ypRr2/y0Hd8Z1IrYDJGJHyEY8poou+QQ6h3NkpKOX2\nrf4KDT7WHiDkKqUh2Pb2aSFl1am57mrOa3+cP6xyEeITSItDYQcC7JEYukBJcUJH\n31a4RQ9CtyBHkY/B9Itn8fQymD3Ag7OGbwN3bEpNbOfonwlLXFBzCsE8hV6DRWlJ\nP4+hfMGhqb2BuFdvZi9YLgPbVWqqLqTs+FiwyVlhQlyiQzEsoPy/oDng90uGs1ZS\nIsE6JCWuTnQn5kXCqdyza8s9hd/rDVhCjpd3nEJrHqOBx9jkm4wtsJ5aZDV0SVlQ\nLp81k/91fRlgBSREonEAAAADAQABAAACAQDP7ufik9DBJogPSLnSfSDh0U7JcymI\nOI3ZRmo8ItAZ7Z9fnRKWGsIgZbw8m6BsrlVRrvzf+8M48eFkOQ0Zh3nbK2uylce/\nTIGlw69f+2rA8m1tkr6QQA3Q/iJQnrzEAkioL7yuwwbs+PFkPE1pdkZHeBeaTEak\nwAWSYnbQTYDkL4MaPKLMde2byHuMqfU835PjyYWOa81xyQ75cx8E5RHFX7pZ50Ff\n/8r+XkfjVTsDdR7Sa5bbgMxxqmR1qeYjDQC99qV4mziDq8n8gcG1C001gt0CzIEH\nRrNnJejqMsn5rvUMVwwCSCVIUgGb3EYWYWLceT6jPBiczWC2mXBslon5q8glx3Fe\nLDGVq1BWaPE2DXoPE7UNzQ4q8giE//3ORdAhU0FinLlyk8j0OLaBp/SZesvXBsyk\n/tzRNdKp680ODX2tAq5p6gWo4iGSfM4nXr7jN8+ObKQwIlbHWkmntjaYEjfGfVnc\nc0EmqVPx/tj5zzKRNaX/44vHUIqEI7IsseVuH0+V9C7O7NvHdVkV84JtJ+xnOvuT\nfUVquj+KsBVmScQ8ueBOmcxPBQvG67zPO1jyUpA1gDtOxIgnccGRd92A61FLUWaV\nLhHRywULzCsYaiS5LVhiryyOJx14h2EPmJa8tZoLbCJH6ccDgMLeWpAbauU2o1xh\nqRe0AoDK/KrAMQAAAQEAwrYv/aK3SICABWnf2ergXGVzBt1cYQ2E7ZtrG5+9gfQS\n67RiZjSqCSXM3MQRVJZ5Xzl4+Pkj5/bcxVWxLF+Xg3pVdItc/0C+HI21Ar9u5FZn\nmeosk3lS8i5j9duqKjoXSDnmGIA6n1NN5f8vT2RxZreWTxW+hbUsY7AQ3AUQXew3\n7Ph3klrvhcsuwqGedava80lLbhazw5XCxzzXOlfI5aqcP5c4sKjwaVp/xT307kbZ\nITqZLQ26d1yysd2hY+ZJjCiLaEhCBhvHX8xuZCC+pHvfEeEtA0xYF+OpFPVZC6n1\ndThKBvw3r7VFz484ZWL/Ne8k9PUJZhDefx+Jds/aAgAAAQEA+7uH7YDVemX6v1wJ\nFYWcCO5eWbg6YnCz3I0y3LMns5doQuO+KhYfZ8o2bD2Ajpu7s7iZivVidhkBA3L6\n3KpRaDRYKdY0Lk/UgYEcb98tcH+MD5NI0FUxsRE+W8e0MxOUvb331Af0fhCtRxMD\nkeUovCHgmchcUAPQayytI60KOjG86adr+RrBOnHff9o9I+LiD0F46Ufcr1La9+kK\naVVkkI3l8lTALIxjs15apf8zColgqf0bgGxvLV6a5xnqJiNiafga2AnEYk18MN5X\nq/pj/0t/WO0GV09+tGwUZhCqAMHJjDgAi3iu5X4CUD/u9UtqlJL5s0TX9d+B1j6+\n+PyF1QAAAQEA+nQOUpjh9NeqPcN+ftRYTrz87gOpwDfqxZwkwqctIZNZfXh+/qm5\npQILyIQUDOXoMNpiLn1AOTS8r5Jg61ng9VDR/l6N7Hhs5y+AeJrwwvxFYXOhke+9\njrw0LbJR1IiwXOryfkmKtCMLVNP+Jie0t8O4+eQAge+PefUEGh7VgP2JSL9zpDeH\n/mkd0JKXTY+o++kDcNAP9waOHOvFssVASmBqNjWX4ke0kpkycX5CsSDoivFAgU+o\npLHoFrThxTF0+okgRo/nmY8YuJgGHfHCztTsW7rPqHEUV/39VAGBSsKjXaBkSgW/\nSHZtHRe/D3MJymdXJWWvFxf6NNgaax6sLQAAAAAB\n-----END OPENSSH PRIVATE KEY-----\n",
            "private_key_pem": "-----BEGIN RSA PRIVATE KEY-----\nMIIJKQIBAAKCAgEA9kdBzQFE6qxJ2Q62fp+VsiVD0Ipwj4sRvfGNvuQZNXL2JYXz\n9TxTkd6Nl49boULngKkjsF79AokrRb8+cBEKkxoX0UKlkfRWFSGD59NNRPkj/WQ0\n7ELtgNp2M8Hc4PmFdF0gfDY7FLGiAOfHSW9+X2HhGLgQ/k4dqs6iw9e3uQyhu7Ov\nfCDulsnVhkOtLfylCOdCRlt8BYbCtJVUA2fRYDc4ld7AGXhH1RJYa6fGCr5RghYO\nVCxu2DrETdkEEjTAMy9lbuyiRnHsFFsF/ryr1U6Ck+YXMkjX4fO9bxYaDLC1j3lQ\nX6ivoBkQ9KQtS/qoUAoeZgcYrW4h5NVtPxi0JblA66ZR3MTFOXQp9g7LpGrqj+yp\nRr2/y0Hd8Z1IrYDJGJHyEY8poou+QQ6h3NkpKOX2rf4KDT7WHiDkKqUh2Pb2aSFl\n1am57mrOa3+cP6xyEeITSItDYQcC7JEYukBJcUJH31a4RQ9CtyBHkY/B9Itn8fQy\nmD3Ag7OGbwN3bEpNbOfonwlLXFBzCsE8hV6DRWlJP4+hfMGhqb2BuFdvZi9YLgPb\nVWqqLqTs+FiwyVlhQlyiQzEsoPy/oDng90uGs1ZSIsE6JCWuTnQn5kXCqdyza8s9\nhd/rDVhCjpd3nEJrHqOBx9jkm4wtsJ5aZDV0SVlQLp81k/91fRlgBSREonECAwEA\nAQKCAgEAz+7n4pPQwSaID0i50n0g4dFOyXMpiDiN2UZqPCLQGe2fX50SlhrCIGW8\nPJugbK5VUa783/vDOPHhZDkNGYd52ytrspXHv0yBpcOvX/tqwPJtbZK+kEAN0P4i\nUJ68xAJIqC+8rsMG7PjxZDxNaXZGR3gXmkxGpMAFkmJ20E2A5C+DGjyizHXtm8h7\njKn1PN+T48mFjmvNcckO+XMfBOURxV+6WedBX//K/l5H41U7A3Ue0muW24DMcapk\ndanmIw0AvfaleJs4g6vJ/IHBtQtNNYLdAsyBB0azZyXo6jLJ+a71DFcMAkglSFIB\nm9xGFmFi3Hk+ozwYnM1gtplwbJaJ+avIJcdxXiwxlatQVmjxNg16DxO1Dc0OKvII\nhP/9zkXQIVNBYpy5cpPI9Di2gaf0mXrL1wbMpP7c0TXSqevNDg19rQKuaeoFqOIh\nknzOJ16+4zfPjmykMCJWx1pJp7Y2mBI3xn1Z3HNBJqlT8f7Y+c8ykTWl/+OLx1CK\nhCOyLLHlbh9PlfQuzuzbx3VZFfOCbSfsZzr7k31Faro/irAVZknEPLngTpnMTwUL\nxuu8zztY8lKQNYA7TsSIJ3HBkXfdgOtRS1FmlS4R0csFC8wrGGokuS1YYq8sjicd\neIdhD5iWvLWaC2wiR+nHA4DC3lqQG2rlNqNcYakXtAKAyvyqwDECggEBAPu7h+2A\n1Xpl+r9cCRWFnAjuXlm4OmJws9yNMtyzJ7OXaELjvioWH2fKNmw9gI6bu7O4mYr1\nYnYZAQNy+tyqUWg0WCnWNC5P1IGBHG/fLXB/jA+TSNBVMbERPlvHtDMTlL2999QH\n9H4QrUcTA5HlKLwh4JnIXFAD0GssrSOtCjoxvOmna/kawTpx33/aPSPi4g9BeOlH\n3K9S2vfpCmlVZJCN5fJUwCyMY7NeWqX/MwqJYKn9G4Bsby1emucZ6iYjYmn4GtgJ\nxGJNfDDeV6v6Y/9Lf1jtBldPfrRsFGYQqgDByYw4AIt4ruV+AlA/7vVLapSS+bNE\n1/XfgdY+vvj8hdUCggEBAPp0DlKY4fTXqj3Dfn7UWE68/O4DqcA36sWcJMKnLSGT\nWX14fv6puaUCC8iEFAzl6DDaYi59QDk0vK+SYOtZ4PVQ0f5ejex4bOcvgHia8ML8\nRWFzoZHvvY68NC2yUdSIsFzq8n5JirQjC1TT/iYntLfDuPnkAIHvj3n1BBoe1YD9\niUi/c6Q3h/5pHdCSl02PqPvpA3DQD/cGjhzrxbLFQEpgajY1l+JHtJKZMnF+QrEg\n6IrxQIFPqKSx6Ba04cUxdPqJIEaP55mPGLiYBh3xws7U7Fu6z6hxFFf9/VQBgUrC\no12gZEoFv0h2bR0Xvw9zCcpnVyVlrxcX+jTYGmserC0CggEALuZHctZX74/kYZaS\nErJr2bYfWfPa3NBGkka0PS4brXf98shfe5PXkgy4iv4CX49gLyGraZpCF+Kcr7nS\nRx5sQE/QRSslWaOB4gbd93HLE3SP8a7tF/NnaKffyFWymvmA8sDb1WMOCBavUdiX\nB618I2DkaYJMwJOVVwJh1427pA/0NEv+79AuQ+dHTpioX3E70L/P+RZsZTW4mguO\n5wUD0XK+bqGflC0rvhVMKjUbm1Dw83q2jvyk0f0YOwo295gME9YnmixnrDDnfGtQ\nRjhGPSAhv72ZOtcSsiaYvlNIeQ+hr0AXyeRYIWWSpMTkjkrYtomTf/TJj4Nuuy3B\ngr35aQKCAQBIkz7fQnwfxisH8NGEESZx0qP8mMUk9U8r6j5gxa73Tsqc6EDsrOQl\n47zkYxmoTysElRPkYtksepK+0c0SBh6BF+VyL5Yy0wbDy2kQCd4AsresMKS+NFma\ntgDsyQKbcuygUFjqrYbrAkizUScRiWn94lKE30QiYvgRoCWLKCo4Ub/pe8kX6huX\nZoCEQyZjDGEsdm5Pz4sAyz59NPk5/5zMsLm2cbtMj/jMjmYmqy7KQz3/nT9S+XFm\nIEOf6NSPnvBF9VyL9gFn5yaDv1HudXM9GkhPoIeySOpbQTeak0ETF+ndJLBLHvU6\nG08tIgd0g6Jvq5h+NsQRDhqsG380UVQVAoIBAQDCti/9ordIgIAFad/Z6uBcZXMG\n3VxhDYTtm2sbn72B9BLrtGJmNKoJJczcxBFUlnlfOXj4+SPn9tzFVbEsX5eDelV0\ni1z/QL4cjbUCv27kVmeZ6iyTeVLyLmP126oqOhdIOeYYgDqfU03l/y9PZHFmt5ZP\nFb6FtSxjsBDcBRBd7Dfs+HeSWu+Fyy7CoZ51q9rzSUtuFrPDlcLHPNc6V8jlqpw/\nlziwqPBpWn/FPfTuRtkhOpktDbp3XLKx3aFj5kmMKItoSEIGG8dfzG5kIL6ke98R\n4S0DTFgX46kU9VkLqfV1OEoG/DevtUXPjzhlYv817yT09QlmEN5/H4l2z9oC\n-----END RSA PRIVATE KEY-----\n",
            "private_key_pem_pkcs8": "-----BEGIN PRIVATE KEY-----\nMIIJQwIBADANBgkqhkiG9w0BAQEFAASCCS0wggkpAgEAAoICAQD2R0HNAUTqrEnZ\nDrZ+n5WyJUPQinCPixG98Y2+5Bk1cvYlhfP1PFOR3o2Xj1uhQueAqSOwXv0CiStF\nvz5wEQqTGhfRQqWR9FYVIYPn001E+SP9ZDTsQu2A2nYzwdzg+YV0XSB8NjsUsaIA\n58dJb35fYeEYuBD+Th2qzqLD17e5DKG7s698IO6WydWGQ60t/KUI50JGW3wFhsK0\nlVQDZ9FgNziV3sAZeEfVElhrp8YKvlGCFg5ULG7YOsRN2QQSNMAzL2Vu7KJGcewU\nWwX+vKvVToKT5hcySNfh871vFhoMsLWPeVBfqK+gGRD0pC1L+qhQCh5mBxitbiHk\n1W0/GLQluUDrplHcxMU5dCn2DsukauqP7KlGvb/LQd3xnUitgMkYkfIRjymii75B\nDqHc2Sko5fat/goNPtYeIOQqpSHY9vZpIWXVqbnuas5rf5w/rHIR4hNIi0NhBwLs\nkRi6QElxQkffVrhFD0K3IEeRj8H0i2fx9DKYPcCDs4ZvA3dsSk1s5+ifCUtcUHMK\nwTyFXoNFaUk/j6F8waGpvYG4V29mL1guA9tVaqoupOz4WLDJWWFCXKJDMSyg/L+g\nOeD3S4azVlIiwTokJa5OdCfmRcKp3LNryz2F3+sNWEKOl3ecQmseo4HH2OSbjC2w\nnlpkNXRJWVAunzWT/3V9GWAFJESicQIDAQABAoICAQDP7ufik9DBJogPSLnSfSDh\n0U7JcymIOI3ZRmo8ItAZ7Z9fnRKWGsIgZbw8m6BsrlVRrvzf+8M48eFkOQ0Zh3nb\nK2uylce/TIGlw69f+2rA8m1tkr6QQA3Q/iJQnrzEAkioL7yuwwbs+PFkPE1pdkZH\neBeaTEakwAWSYnbQTYDkL4MaPKLMde2byHuMqfU835PjyYWOa81xyQ75cx8E5RHF\nX7pZ50Ff/8r+XkfjVTsDdR7Sa5bbgMxxqmR1qeYjDQC99qV4mziDq8n8gcG1C001\ngt0CzIEHRrNnJejqMsn5rvUMVwwCSCVIUgGb3EYWYWLceT6jPBiczWC2mXBslon5\nq8glx3FeLDGVq1BWaPE2DXoPE7UNzQ4q8giE//3ORdAhU0FinLlyk8j0OLaBp/SZ\nesvXBsyk/tzRNdKp680ODX2tAq5p6gWo4iGSfM4nXr7jN8+ObKQwIlbHWkmntjaY\nEjfGfVncc0EmqVPx/tj5zzKRNaX/44vHUIqEI7IsseVuH0+V9C7O7NvHdVkV84Jt\nJ+xnOvuTfUVquj+KsBVmScQ8ueBOmcxPBQvG67zPO1jyUpA1gDtOxIgnccGRd92A\n61FLUWaVLhHRywULzCsYaiS5LVhiryyOJx14h2EPmJa8tZoLbCJH6ccDgMLeWpAb\nauU2o1xhqRe0AoDK/KrAMQKCAQEA+7uH7YDVemX6v1wJFYWcCO5eWbg6YnCz3I0y\n3LMns5doQuO+KhYfZ8o2bD2Ajpu7s7iZivVidhkBA3L63KpRaDRYKdY0Lk/UgYEc\nb98tcH+MD5NI0FUxsRE+W8e0MxOUvb331Af0fhCtRxMDkeUovCHgmchcUAPQayyt\nI60KOjG86adr+RrBOnHff9o9I+LiD0F46Ufcr1La9+kKaVVkkI3l8lTALIxjs15a\npf8zColgqf0bgGxvLV6a5xnqJiNiafga2AnEYk18MN5Xq/pj/0t/WO0GV09+tGwU\nZhCqAMHJjDgAi3iu5X4CUD/u9UtqlJL5s0TX9d+B1j6++PyF1QKCAQEA+nQOUpjh\n9NeqPcN+ftRYTrz87gOpwDfqxZwkwqctIZNZfXh+/qm5pQILyIQUDOXoMNpiLn1A\nOTS8r5Jg61ng9VDR/l6N7Hhs5y+AeJrwwvxFYXOhke+9jrw0LbJR1IiwXOryfkmK\ntCMLVNP+Jie0t8O4+eQAge+PefUEGh7VgP2JSL9zpDeH/mkd0JKXTY+o++kDcNAP\n9waOHOvFssVASmBqNjWX4ke0kpkycX5CsSDoivFAgU+opLHoFrThxTF0+okgRo/n\nmY8YuJgGHfHCztTsW7rPqHEUV/39VAGBSsKjXaBkSgW/SHZtHRe/D3MJymdXJWWv\nFxf6NNgaax6sLQKCAQAu5kdy1lfvj+RhlpISsmvZth9Z89rc0EaSRrQ9Lhutd/3y\nyF97k9eSDLiK/gJfj2AvIatpmkIX4pyvudJHHmxAT9BFKyVZo4HiBt33ccsTdI/x\nru0X82dop9/IVbKa+YDywNvVYw4IFq9R2JcHrXwjYORpgkzAk5VXAmHXjbukD/Q0\nS/7v0C5D50dOmKhfcTvQv8/5FmxlNbiaC47nBQPRcr5uoZ+ULSu+FUwqNRubUPDz\neraO/KTR/Rg7Cjb3mAwT1ieaLGesMOd8a1BGOEY9ICG/vZk61xKyJpi+U0h5D6Gv\nQBfJ5FghZZKkxOSOSti2iZN/9MmPg267LcGCvflpAoIBAEiTPt9CfB/GKwfw0YQR\nJnHSo/yYxST1TyvqPmDFrvdOypzoQOys5CXjvORjGahPKwSVE+Ri2Sx6kr7RzRIG\nHoEX5XIvljLTBsPLaRAJ3gCyt6wwpL40WZq2AOzJApty7KBQWOqthusCSLNRJxGJ\naf3iUoTfRCJi+BGgJYsoKjhRv+l7yRfqG5dmgIRDJmMMYSx2bk/PiwDLPn00+Tn/\nnMywubZxu0yP+MyOZiarLspDPf+dP1L5cWYgQ5/o1I+e8EX1XIv2AWfnJoO/Ue51\ncz0aSE+gh7JI6ltBN5qTQRMX6d0ksEse9TobTy0iB3SDom+rmH42xBEOGqwbfzRR\nVBUCggEBAMK2L/2it0iAgAVp39nq4FxlcwbdXGENhO2baxufvYH0Euu0YmY0qgkl\nzNzEEVSWeV85ePj5I+f23MVVsSxfl4N6VXSLXP9AvhyNtQK/buRWZ5nqLJN5UvIu\nY/Xbqio6F0g55hiAOp9TTeX/L09kcWa3lk8VvoW1LGOwENwFEF3sN+z4d5Ja74XL\nLsKhnnWr2vNJS24Ws8OVwsc81zpXyOWqnD+XOLCo8Glaf8U99O5G2SE6mS0Nundc\nsrHdoWPmSYwoi2hIQgYbx1/MbmQgvqR73xHhLQNMWBfjqRT1WQup9XU4Sgb8N6+1\nRc+POGVi/zXvJPT1CWYQ3n8fiXbP2gI=\n-----END PRIVATE KEY-----\n",
            "public_key_fingerprint_md5": "f5:40:6d:5b:e6:2d:09:db:e8:1b:63:ec:d3:e2:f8:5d",
            "public_key_fingerprint_sha256": "SHA256:JbU/Bpg+OnXK4lfT+193MuV8wFSCX4KA2E0F3uCGatc",
            "public_key_openssh": "ssh-rsa AAAAB3NzaC1yc2EAAAADAQABAAACAQD2R0HNAUTqrEnZDrZ+n5WyJUPQinCPixG98Y2+5Bk1cvYlhfP1PFOR3o2Xj1uhQueAqSOwXv0CiStFvz5wEQqTGhfRQqWR9FYVIYPn001E+SP9ZDTsQu2A2nYzwdzg+YV0XSB8NjsUsaIA58dJb35fYeEYuBD+Th2qzqLD17e5DKG7s698IO6WydWGQ60t/KUI50JGW3wFhsK0lVQDZ9FgNziV3sAZeEfVElhrp8YKvlGCFg5ULG7YOsRN2QQSNMAzL2Vu7KJGcewUWwX+vKvVToKT5hcySNfh871vFhoMsLWPeVBfqK+gGRD0pC1L+qhQCh5mBxitbiHk1W0/GLQluUDrplHcxMU5dCn2DsukauqP7KlGvb/LQd3xnUitgMkYkfIRjymii75BDqHc2Sko5fat/goNPtYeIOQqpSHY9vZpIWXVqbnuas5rf5w/rHIR4hNIi0NhBwLskRi6QElxQkffVrhFD0K3IEeRj8H0i2fx9DKYPcCDs4ZvA3dsSk1s5+ifCUtcUHMKwTyFXoNFaUk/j6F8waGpvYG4V29mL1guA9tVaqoupOz4WLDJWWFCXKJDMSyg/L+gOeD3S4azVlIiwTokJa5OdCfmRcKp3LNryz2F3+sNWEKOl3ecQmseo4HH2OSbjC2wnlpkNXRJWVAunzWT/3V9GWAFJESicQ==\n",
            "public_key_pem": "-----BEGIN PUBLIC KEY-----\nMIICIjANBgkqhkiG9w0BAQEFAAOCAg8AMIICCgKCAgEA9kdBzQFE6qxJ2Q62fp+V\nsiVD0Ipwj4sRvfGNvuQZNXL2JYXz9TxTkd6Nl49boULngKkjsF79AokrRb8+cBEK\nkxoX0UKlkfRWFSGD59NNRPkj/WQ07ELtgNp2M8Hc4PmFdF0gfDY7FLGiAOfHSW9+\nX2HhGLgQ/k4dqs6iw9e3uQyhu7OvfCDulsnVhkOtLfylCOdCRlt8BYbCtJVUA2fR\nYDc4ld7AGXhH1RJYa6fGCr5RghYOVCxu2DrETdkEEjTAMy9lbuyiRnHsFFsF/ryr\n1U6Ck+YXMkjX4fO9bxYaDLC1j3lQX6ivoBkQ9KQtS/qoUAoeZgcYrW4h5NVtPxi0\nJblA66ZR3MTFOXQp9g7LpGrqj+ypRr2/y0Hd8Z1IrYDJGJHyEY8poou+QQ6h3Nkp\nKOX2rf4KDT7WHiDkKqUh2Pb2aSFl1am57mrOa3+cP6xyEeITSItDYQcC7JEYukBJ\ncUJH31a4RQ9CtyBHkY/B9Itn8fQymD3Ag7OGbwN3bEpNbOfonwlLXFBzCsE8hV6D\nRWlJP4+hfMGhqb2BuFdvZi9YLgPbVWqqLqTs+FiwyVlhQlyiQzEsoPy/oDng90uG\ns1ZSIsE6JCWuTnQn5kXCqdyza8s9hd/rDVhCjpd3nEJrHqOBx9jkm4wtsJ5aZDV0\nSVlQLp81k/91fRlgBSREonECAwEAAQ==\n-----END PUBLIC KEY-----\n",
            "rsa_bits": 4096
          },
          "sensitive_attributes": []
        }
      ]
    },
    {
      "module": "module.nat",
      "mode": "managed",
      "type": "aws_eip",
      "name": "nat_eip",
      "provider": "provider[\"registry.terraform.io/hashicorp/aws\"]",
      "instances": [
        {
          "schema_version": 0,
          "attributes": {
            "address": null,
            "allocation_id": "eipalloc-0dc23366d1bfbcb85",
            "associate_with_private_ip": null,
            "association_id": "",
            "carrier_ip": "",
            "customer_owned_ip": "",
            "customer_owned_ipv4_pool": "",
            "domain": "vpc",
            "id": "eipalloc-0dc23366d1bfbcb85",
            "instance": "",
            "network_border_group": "ap-northeast-1",
            "network_interface": "",
            "private_dns": null,
            "private_ip": "",
            "public_dns": "ec2-35-73-79-196.ap-northeast-1.compute.amazonaws.com",
            "public_ip": "35.73.79.196",
            "public_ipv4_pool": "amazon",
            "tags": null,
            "tags_all": {},
            "timeouts": null,
            "vpc": true
          },
          "sensitive_attributes": [],
          "private": "eyJlMmJmYjczMC1lY2FhLTExZTYtOGY4OC0zNDM2M2JjN2M0YzAiOnsiZGVsZXRlIjoxODAwMDAwMDAwMDAsInJlYWQiOjkwMDAwMDAwMDAwMCwidXBkYXRlIjozMDAwMDAwMDAwMDB9fQ=="
        }
      ]
    },
    {
      "module": "module.nat",
      "mode": "managed",
      "type": "aws_nat_gateway",
      "name": "mynat",
      "provider": "provider[\"registry.terraform.io/hashicorp/aws\"]",
      "instances": [
        {
          "schema_version": 0,
          "attributes": {
            "allocation_id": "eipalloc-0dc23366d1bfbcb85",
            "association_id": "eipassoc-0bde997496836dd8d",
            "connectivity_type": "public",
            "id": "nat-0e359437f1f3e400d",
            "network_interface_id": "eni-0870a5defbb1e6912",
            "private_ip": "10.0.155.156",
            "public_ip": "35.73.79.196",
            "secondary_allocation_ids": null,
            "secondary_private_ip_address_count": 0,
            "secondary_private_ip_addresses": [],
            "subnet_id": "subnet-0669598ca5ed8f82f",
            "tags": {
              "Name": "tf-nat"
            },
            "tags_all": {
              "Name": "tf-nat"
            },
            "timeouts": null
          },
          "sensitive_attributes": [],
          "private": "eyJlMmJmYjczMC1lY2FhLTExZTYtOGY4OC0zNDM2M2JjN2M0YzAiOnsiY3JlYXRlIjo2MDAwMDAwMDAwMDAsImRlbGV0ZSI6MTgwMDAwMDAwMDAwMCwidXBkYXRlIjo2MDAwMDAwMDAwMDB9fQ==",
          "dependencies": [
            "module.nat.aws_eip.nat_eip",
            "module.subnet.aws_subnet.public_subnets",
            "module.vpc.aws_vpc.myvpc"
          ]
        }
      ]
    },
    {
      "module": "module.route_table",
      "mode": "managed",
      "type": "aws_route_table",
      "name": "private_route_table",
      "provider": "provider[\"registry.terraform.io/hashicorp/aws\"]",
      "instances": [
        {
          "schema_version": 0,
          "attributes": {
            "arn": "arn:aws:ec2:ap-northeast-1:378331682224:route-table/rtb-05b3abe6408417bbd",
            "id": "rtb-05b3abe6408417bbd",
            "owner_id": "378331682224",
            "propagating_vgws": [],
            "route": [
              {
                "carrier_gateway_id": "",
                "cidr_block": "0.0.0.0/0",
                "core_network_arn": "",
                "destination_prefix_list_id": "",
                "egress_only_gateway_id": "",
                "gateway_id": "nat-0e359437f1f3e400d",
                "ipv6_cidr_block": "",
                "local_gateway_id": "",
                "nat_gateway_id": "",
                "network_interface_id": "",
                "transit_gateway_id": "",
                "vpc_endpoint_id": "",
                "vpc_peering_connection_id": ""
              }
            ],
            "tags": {
              "Name": "tf-private-route"
            },
            "tags_all": {
              "Name": "tf-private-route"
            },
            "timeouts": null,
            "vpc_id": "vpc-04938f6b19bf08c92"
          },
          "sensitive_attributes": [],
          "private": "eyJlMmJmYjczMC1lY2FhLTExZTYtOGY4OC0zNDM2M2JjN2M0YzAiOnsiY3JlYXRlIjozMDAwMDAwMDAwMDAsImRlbGV0ZSI6MzAwMDAwMDAwMDAwLCJ1cGRhdGUiOjEyMDAwMDAwMDAwMH19",
          "dependencies": [
            "module.nat.aws_eip.nat_eip",
            "module.nat.aws_nat_gateway.mynat",
            "module.subnet.aws_subnet.public_subnets",
            "module.vpc.aws_vpc.myvpc"
          ]
        }
      ]
    },
    {
      "module": "module.route_table",
      "mode": "managed",
      "type": "aws_route_table",
      "name": "public_route_table",
      "provider": "provider[\"registry.terraform.io/hashicorp/aws\"]",
      "instances": [
        {
          "schema_version": 0,
          "attributes": {
            "arn": "arn:aws:ec2:ap-northeast-1:378331682224:route-table/rtb-090c54c844cbbd749",
            "id": "rtb-090c54c844cbbd749",
            "owner_id": "378331682224",
            "propagating_vgws": [],
            "route": [
              {
                "carrier_gateway_id": "",
                "cidr_block": "0.0.0.0/0",
                "core_network_arn": "",
                "destination_prefix_list_id": "",
                "egress_only_gateway_id": "",
                "gateway_id": "igw-0e5f8352d472446ce",
                "ipv6_cidr_block": "",
                "local_gateway_id": "",
                "nat_gateway_id": "",
                "network_interface_id": "",
                "transit_gateway_id": "",
                "vpc_endpoint_id": "",
                "vpc_peering_connection_id": ""
              }
            ],
            "tags": {
              "Name": "tf-public-route"
            },
            "tags_all": {
              "Name": "tf-public-route"
            },
            "timeouts": null,
            "vpc_id": "vpc-04938f6b19bf08c92"
          },
          "sensitive_attributes": [],
          "private": "eyJlMmJmYjczMC1lY2FhLTExZTYtOGY4OC0zNDM2M2JjN2M0YzAiOnsiY3JlYXRlIjozMDAwMDAwMDAwMDAsImRlbGV0ZSI6MzAwMDAwMDAwMDAwLCJ1cGRhdGUiOjEyMDAwMDAwMDAwMH19",
          "dependencies": [
            "module.igw.aws_internet_gateway.myigw",
            "module.vpc.aws_vpc.myvpc"
          ]
        }
      ]
    },
    {
      "module": "module.route_table",
      "mode": "managed",
      "type": "aws_route_table_association",
      "name": "private_subnet_association",
      "provider": "provider[\"registry.terraform.io/hashicorp/aws\"]",
      "instances": [
        {
          "index_key": 0,
          "schema_version": 0,
          "attributes": {
            "gateway_id": "",
            "id": "rtbassoc-0a7e669a0e33cd2c0",
            "route_table_id": "rtb-05b3abe6408417bbd",
            "subnet_id": "subnet-05618ae62eea6be53",
            "timeouts": null
          },
          "sensitive_attributes": [],
          "private": "eyJlMmJmYjczMC1lY2FhLTExZTYtOGY4OC0zNDM2M2JjN2M0YzAiOnsiY3JlYXRlIjozMDAwMDAwMDAwMDAsImRlbGV0ZSI6MzAwMDAwMDAwMDAwLCJ1cGRhdGUiOjEyMDAwMDAwMDAwMH19",
          "dependencies": [
            "module.nat.aws_eip.nat_eip",
            "module.nat.aws_nat_gateway.mynat",
            "module.route_table.aws_route_table.private_route_table",
            "module.subnet.aws_subnet.private_subnets",
            "module.subnet.aws_subnet.public_subnets",
            "module.vpc.aws_vpc.myvpc"
          ]
        },
        {
          "index_key": 1,
          "schema_version": 0,
          "attributes": {
            "gateway_id": "",
            "id": "rtbassoc-0dd127b615d6bd577",
            "route_table_id": "rtb-05b3abe6408417bbd",
            "subnet_id": "subnet-0f0d7cb3f7a0e4856",
            "timeouts": null
          },
          "sensitive_attributes": [],
          "private": "eyJlMmJmYjczMC1lY2FhLTExZTYtOGY4OC0zNDM2M2JjN2M0YzAiOnsiY3JlYXRlIjozMDAwMDAwMDAwMDAsImRlbGV0ZSI6MzAwMDAwMDAwMDAwLCJ1cGRhdGUiOjEyMDAwMDAwMDAwMH19",
          "dependencies": [
            "module.nat.aws_eip.nat_eip",
            "module.nat.aws_nat_gateway.mynat",
            "module.route_table.aws_route_table.private_route_table",
            "module.subnet.aws_subnet.private_subnets",
            "module.subnet.aws_subnet.public_subnets",
            "module.vpc.aws_vpc.myvpc"
          ]
        }
      ]
    },
    {
      "module": "module.route_table",
      "mode": "managed",
      "type": "aws_route_table_association",
      "name": "public_subnet_association",
      "provider": "provider[\"registry.terraform.io/hashicorp/aws\"]",
      "instances": [
        {
          "index_key": 0,
          "schema_version": 0,
          "attributes": {
            "gateway_id": "",
            "id": "rtbassoc-0aeb810529bb4869c",
            "route_table_id": "rtb-090c54c844cbbd749",
            "subnet_id": "subnet-0669598ca5ed8f82f",
            "timeouts": null
          },
          "sensitive_attributes": [],
          "private": "eyJlMmJmYjczMC1lY2FhLTExZTYtOGY4OC0zNDM2M2JjN2M0YzAiOnsiY3JlYXRlIjozMDAwMDAwMDAwMDAsImRlbGV0ZSI6MzAwMDAwMDAwMDAwLCJ1cGRhdGUiOjEyMDAwMDAwMDAwMH19",
          "dependencies": [
            "module.igw.aws_internet_gateway.myigw",
            "module.route_table.aws_route_table.public_route_table",
            "module.subnet.aws_subnet.public_subnets",
            "module.vpc.aws_vpc.myvpc"
          ]
        },
        {
          "index_key": 1,
          "schema_version": 0,
          "attributes": {
            "gateway_id": "",
            "id": "rtbassoc-0567181b643abd2de",
            "route_table_id": "rtb-090c54c844cbbd749",
            "subnet_id": "subnet-07020766f9c861e1a",
            "timeouts": null
          },
          "sensitive_attributes": [],
          "private": "eyJlMmJmYjczMC1lY2FhLTExZTYtOGY4OC0zNDM2M2JjN2M0YzAiOnsiY3JlYXRlIjozMDAwMDAwMDAwMDAsImRlbGV0ZSI6MzAwMDAwMDAwMDAwLCJ1cGRhdGUiOjEyMDAwMDAwMDAwMH19",
          "dependencies": [
            "module.igw.aws_internet_gateway.myigw",
            "module.route_table.aws_route_table.public_route_table",
            "module.subnet.aws_subnet.public_subnets",
            "module.vpc.aws_vpc.myvpc"
          ]
        }
      ]
    },
    {
      "module": "module.sec_groups",
      "mode": "managed",
      "type": "aws_security_group",
      "name": "my_security_group",
      "provider": "provider[\"registry.terraform.io/hashicorp/aws\"]",
      "instances": [
        {
          "schema_version": 1,
          "attributes": {
            "arn": "arn:aws:ec2:ap-northeast-1:378331682224:security-group/sg-0d4cbe61602718065",
            "description": "Allow TLS inbound traffic and all outbound traffic",
            "egress": [
              {
                "cidr_blocks": [
                  "0.0.0.0/0"
                ],
                "description": "",
                "from_port": 0,
                "ipv6_cidr_blocks": [],
                "prefix_list_ids": [],
                "protocol": "-1",
                "security_groups": [],
                "self": false,
                "to_port": 0
              }
            ],
            "id": "sg-0d4cbe61602718065",
            "ingress": [
              {
                "cidr_blocks": [
                  "0.0.0.0/0"
                ],
                "description": "",
                "from_port": 22,
                "ipv6_cidr_blocks": [],
                "prefix_list_ids": [],
                "protocol": "tcp",
                "security_groups": [],
                "self": false,
                "to_port": 22
              },
              {
                "cidr_blocks": [
                  "0.0.0.0/0"
                ],
                "description": "",
                "from_port": 80,
                "ipv6_cidr_blocks": [],
                "prefix_list_ids": [],
                "protocol": "tcp",
                "security_groups": [],
                "self": false,
                "to_port": 80
              }
            ],
            "name": "tf-sg",
            "name_prefix": "",
            "owner_id": "378331682224",
            "revoke_rules_on_delete": false,
            "tags": null,
            "tags_all": {},
            "timeouts": null,
            "vpc_id": "vpc-04938f6b19bf08c92"
          },
          "sensitive_attributes": [],
          "private": "eyJlMmJmYjczMC1lY2FhLTExZTYtOGY4OC0zNDM2M2JjN2M0YzAiOnsiY3JlYXRlIjo2MDAwMDAwMDAwMDAsImRlbGV0ZSI6OTAwMDAwMDAwMDAwfSwic2NoZW1hX3ZlcnNpb24iOiIxIn0=",
          "dependencies": [
            "module.vpc.aws_vpc.myvpc"
          ]
        }
      ]
    },
    {
      "module": "module.subnet",
      "mode": "managed",
      "type": "aws_subnet",
      "name": "private_subnets",
      "provider": "provider[\"registry.terraform.io/hashicorp/aws\"]",
      "instances": [
        {
          "index_key": 0,
          "schema_version": 1,
          "attributes": {
            "arn": "arn:aws:ec2:ap-northeast-1:378331682224:subnet/subnet-05618ae62eea6be53",
            "assign_ipv6_address_on_creation": false,
            "availability_zone": "ap-northeast-1a",
            "availability_zone_id": "apne1-az4",
            "cidr_block": "10.0.0.0/18",
            "customer_owned_ipv4_pool": "",
            "enable_dns64": false,
            "enable_lni_at_device_index": 0,
            "enable_resource_name_dns_a_record_on_launch": false,
            "enable_resource_name_dns_aaaa_record_on_launch": false,
            "id": "subnet-05618ae62eea6be53",
            "ipv6_cidr_block": "",
            "ipv6_cidr_block_association_id": "",
            "ipv6_native": false,
            "map_customer_owned_ip_on_launch": false,
            "map_public_ip_on_launch": false,
            "outpost_arn": "",
            "owner_id": "378331682224",
            "private_dns_hostname_type_on_launch": "ip-name",
            "tags": {
              "Name": "tf-pri-subnet-1"
            },
            "tags_all": {
              "Name": "tf-pri-subnet-1"
            },
            "timeouts": null,
            "vpc_id": "vpc-04938f6b19bf08c92"
          },
          "sensitive_attributes": [],
          "private": "eyJlMmJmYjczMC1lY2FhLTExZTYtOGY4OC0zNDM2M2JjN2M0YzAiOnsiY3JlYXRlIjo2MDAwMDAwMDAwMDAsImRlbGV0ZSI6MTIwMDAwMDAwMDAwMH0sInNjaGVtYV92ZXJzaW9uIjoiMSJ9",
          "dependencies": [
            "module.vpc.aws_vpc.myvpc"
          ]
        },
        {
          "index_key": 1,
          "schema_version": 1,
          "attributes": {
            "arn": "arn:aws:ec2:ap-northeast-1:378331682224:subnet/subnet-0f0d7cb3f7a0e4856",
            "assign_ipv6_address_on_creation": false,
            "availability_zone": "ap-northeast-1c",
            "availability_zone_id": "apne1-az1",
            "cidr_block": "10.0.64.0/18",
            "customer_owned_ipv4_pool": "",
            "enable_dns64": false,
            "enable_lni_at_device_index": 0,
            "enable_resource_name_dns_a_record_on_launch": false,
            "enable_resource_name_dns_aaaa_record_on_launch": false,
            "id": "subnet-0f0d7cb3f7a0e4856",
            "ipv6_cidr_block": "",
            "ipv6_cidr_block_association_id": "",
            "ipv6_native": false,
            "map_customer_owned_ip_on_launch": false,
            "map_public_ip_on_launch": false,
            "outpost_arn": "",
            "owner_id": "378331682224",
            "private_dns_hostname_type_on_launch": "ip-name",
            "tags": {
              "Name": "tf-pri-subnet-2"
            },
            "tags_all": {
              "Name": "tf-pri-subnet-2"
            },
            "timeouts": null,
            "vpc_id": "vpc-04938f6b19bf08c92"
          },
          "sensitive_attributes": [],
          "private": "eyJlMmJmYjczMC1lY2FhLTExZTYtOGY4OC0zNDM2M2JjN2M0YzAiOnsiY3JlYXRlIjo2MDAwMDAwMDAwMDAsImRlbGV0ZSI6MTIwMDAwMDAwMDAwMH0sInNjaGVtYV92ZXJzaW9uIjoiMSJ9",
          "dependencies": [
            "module.vpc.aws_vpc.myvpc"
          ]
        }
      ]
    },
    {
      "module": "module.subnet",
      "mode": "managed",
      "type": "aws_subnet",
      "name": "public_subnets",
      "provider": "provider[\"registry.terraform.io/hashicorp/aws\"]",
      "instances": [
        {
          "index_key": 0,
          "schema_version": 1,
          "attributes": {
            "arn": "arn:aws:ec2:ap-northeast-1:378331682224:subnet/subnet-0669598ca5ed8f82f",
            "assign_ipv6_address_on_creation": false,
            "availability_zone": "ap-northeast-1a",
            "availability_zone_id": "apne1-az4",
            "cidr_block": "10.0.128.0/18",
            "customer_owned_ipv4_pool": "",
            "enable_dns64": false,
            "enable_lni_at_device_index": 0,
            "enable_resource_name_dns_a_record_on_launch": false,
            "enable_resource_name_dns_aaaa_record_on_launch": false,
            "id": "subnet-0669598ca5ed8f82f",
            "ipv6_cidr_block": "",
            "ipv6_cidr_block_association_id": "",
            "ipv6_native": false,
            "map_customer_owned_ip_on_launch": false,
            "map_public_ip_on_launch": true,
            "outpost_arn": "",
            "owner_id": "378331682224",
            "private_dns_hostname_type_on_launch": "ip-name",
            "tags": {
              "Name": "tf-pub-subnet-1"
            },
            "tags_all": {
              "Name": "tf-pub-subnet-1"
            },
            "timeouts": null,
            "vpc_id": "vpc-04938f6b19bf08c92"
          },
          "sensitive_attributes": [],
          "private": "eyJlMmJmYjczMC1lY2FhLTExZTYtOGY4OC0zNDM2M2JjN2M0YzAiOnsiY3JlYXRlIjo2MDAwMDAwMDAwMDAsImRlbGV0ZSI6MTIwMDAwMDAwMDAwMH0sInNjaGVtYV92ZXJzaW9uIjoiMSJ9",
          "dependencies": [
            "module.vpc.aws_vpc.myvpc"
          ]
        },
        {
          "index_key": 1,
          "schema_version": 1,
          "attributes": {
            "arn": "arn:aws:ec2:ap-northeast-1:378331682224:subnet/subnet-07020766f9c861e1a",
            "assign_ipv6_address_on_creation": false,
            "availability_zone": "ap-northeast-1c",
            "availability_zone_id": "apne1-az1",
            "cidr_block": "10.0.192.0/18",
            "customer_owned_ipv4_pool": "",
            "enable_dns64": false,
            "enable_lni_at_device_index": 0,
            "enable_resource_name_dns_a_record_on_launch": false,
            "enable_resource_name_dns_aaaa_record_on_launch": false,
            "id": "subnet-07020766f9c861e1a",
            "ipv6_cidr_block": "",
            "ipv6_cidr_block_association_id": "",
            "ipv6_native": false,
            "map_customer_owned_ip_on_launch": false,
            "map_public_ip_on_launch": true,
            "outpost_arn": "",
            "owner_id": "378331682224",
            "private_dns_hostname_type_on_launch": "ip-name",
            "tags": {
              "Name": "tf-pub-subnet-2"
            },
            "tags_all": {
              "Name": "tf-pub-subnet-2"
            },
            "timeouts": null,
            "vpc_id": "vpc-04938f6b19bf08c92"
          },
          "sensitive_attributes": [],
          "private": "eyJlMmJmYjczMC1lY2FhLTExZTYtOGY4OC0zNDM2M2JjN2M0YzAiOnsiY3JlYXRlIjo2MDAwMDAwMDAwMDAsImRlbGV0ZSI6MTIwMDAwMDAwMDAwMH0sInNjaGVtYV92ZXJzaW9uIjoiMSJ9",
          "dependencies": [
            "module.vpc.aws_vpc.myvpc"
          ]
        }
      ]
    },
    {
      "module": "module.vpc",
      "mode": "managed",
      "type": "aws_vpc",
      "name": "myvpc",
      "provider": "provider[\"registry.terraform.io/hashicorp/aws\"]",
      "instances": [
        {
          "schema_version": 1,
          "attributes": {
            "arn": "arn:aws:ec2:ap-northeast-1:378331682224:vpc/vpc-04938f6b19bf08c92",
            "assign_generated_ipv6_cidr_block": false,
            "cidr_block": "10.0.0.0/16",
            "default_network_acl_id": "acl-080b325d21e3b64cb",
            "default_route_table_id": "rtb-02d2cfb1510ad2eea",
            "default_security_group_id": "sg-0395e916568572597",
            "dhcp_options_id": "dopt-0d201fa2e4240eff1",
            "enable_dns_hostnames": false,
            "enable_dns_support": true,
            "enable_network_address_usage_metrics": false,
            "id": "vpc-04938f6b19bf08c92",
            "instance_tenancy": "default",
            "ipv4_ipam_pool_id": null,
            "ipv4_netmask_length": null,
            "ipv6_association_id": "",
            "ipv6_cidr_block": "",
            "ipv6_cidr_block_network_border_group": "",
            "ipv6_ipam_pool_id": "",
            "ipv6_netmask_length": 0,
            "main_route_table_id": "rtb-02d2cfb1510ad2eea",
            "owner_id": "378331682224",
            "tags": {
              "Name": "tf-vpc"
            },
            "tags_all": {
              "Name": "tf-vpc"
            }
          },
          "sensitive_attributes": [],
          "private": "eyJzY2hlbWFfdmVyc2lvbiI6IjEifQ=="
        }
      ]
    }
  ],
  "check_results": null
}
